
Microsoft Visual Studio Solution File, Format Version 12.00
# Visual Studio Version 17
VisualStudioVersion = 17.1.32319.34
MinimumVisualStudioVersion = 10.0.40219.1
Project("{9A19103F-16F7-4668-BE54-9A1E7A4F7556}") = "OLT.Sample.CoreLib.WebApi", "OLT.Sample.CoreLib.WebApi\OLT.Sample.CoreLib.WebApi.csproj", "{C5132903-A71F-4D89-AC5F-A21013DE68A8}"
EndProject
Project("{2150E333-8FDC-42A3-9474-1A3956D46DE8}") = "core-libs", "core-libs", "{6F4A795D-662B-4A9F-BF2A-4AED9D80B800}"
EndProject
Project("{9A19103F-16F7-4668-BE54-9A1E7A4F7556}") = "OLT.Core.Common", "..\src\OLT.Core.Common\OLT.Core.Common.csproj", "{C67E4CE8-86F5-4A30-B5A1-F6057E11CB8A}"
EndProject
Project("{9A19103F-16F7-4668-BE54-9A1E7A4F7556}") = "OLT.Core.Services", "..\src\OLT.Core.Services\OLT.Core.Services.csproj", "{A9950239-7004-43A3-8C2B-7B4020ED2908}"
EndProject
Project("{9A19103F-16F7-4668-BE54-9A1E7A4F7556}") = "OLT.Extensions.General", "..\src\OLT.Extensions.General\OLT.Extensions.General.csproj", "{545BCC71-DBCB-4943-8E23-6C82A16B624B}"
EndProject
Project("{9A19103F-16F7-4668-BE54-9A1E7A4F7556}") = "OLT.AspNetCore", "..\src\OLT.AspNetCore\OLT.AspNetCore.csproj", "{F7464890-EF2E-48CF-9EA0-3FED39757135}"
EndProject
Project("{9A19103F-16F7-4668-BE54-9A1E7A4F7556}") = "OLT.AspNetCore.Authentication", "..\src\OLT.AspNetCore.Authentication\OLT.AspNetCore.Authentication.csproj", "{68E5FD50-A4E7-43F1-859C-D080A89A1DE9}"
EndProject
Project("{9A19103F-16F7-4668-BE54-9A1E7A4F7556}") = "OLT.AspNetCore.Authentication.ApiKey", "..\src\OLT.AspNetCore.Authentication.ApiKey\OLT.AspNetCore.Authentication.ApiKey.csproj", "{C956A868-FF52-4A3D-B8EF-875F00F5BFC0}"
EndProject
Project("{9A19103F-16F7-4668-BE54-9A1E7A4F7556}") = "OLT.AspNetCore.Authentication.JwtBearer", "..\src\OLT.AspNetCore.Authentication.JwtBearer\OLT.AspNetCore.Authentication.JwtBearer.csproj", "{3B677756-5F7F-41D7-97E2-3DC91C641E32}"
EndProject
Project("{9A19103F-16F7-4668-BE54-9A1E7A4F7556}") = "OLT.AspNetCore.Serilog", "..\src\OLT.AspNetCore.Serilog\OLT.AspNetCore.Serilog.csproj", "{15400B99-351E-4BA4-AFD1-4573E7964062}"
EndProject
Project("{9A19103F-16F7-4668-BE54-9A1E7A4F7556}") = "OLT.AspNetCore.Shared", "..\src\OLT.AspNetCore.Shared\OLT.AspNetCore.Shared.csproj", "{5245EA23-B1E8-460F-869A-E493A9908177}"
EndProject
Project("{9A19103F-16F7-4668-BE54-9A1E7A4F7556}") = "OLT.Builder.File", "..\src\OLT.Builder.File\OLT.Builder.File.csproj", "{533864B1-5309-4CBF-8E7F-0133E99529FC}"
EndProject
Project("{9A19103F-16F7-4668-BE54-9A1E7A4F7556}") = "OLT.Core.Rules", "..\src\OLT.Core.Rules\OLT.Core.Rules.csproj", "{7B941CFD-9B20-4D82-845B-D2DD3229C3E5}"
EndProject
Project("{9A19103F-16F7-4668-BE54-9A1E7A4F7556}") = "OLT.DataAdapters", "..\src\OLT.DataAdapters\OLT.DataAdapters.csproj", "{45FC2E6A-863E-40E1-9633-FE9EA30928ED}"
EndProject
Project("{9A19103F-16F7-4668-BE54-9A1E7A4F7556}") = "OLT.DataAdapters.AutoMapper", "..\src\OLT.DataAdapters.AutoMapper\OLT.DataAdapters.AutoMapper.csproj", "{07F972FB-E132-4FBF-B52F-DC18A2FFB622}"
EndProject
Project("{9A19103F-16F7-4668-BE54-9A1E7A4F7556}") = "OLT.EF.Core", "..\src\OLT.EF.Core\OLT.EF.Core.csproj", "{15D0BF6D-F636-4DBD-A7D5-5D0B97829B49}"
EndProject
Project("{9A19103F-16F7-4668-BE54-9A1E7A4F7556}") = "OLT.EF.Core.SeedHelpers.Csv", "..\src\OLT.EF.Core.SeedHelpers.Csv\OLT.EF.Core.SeedHelpers.Csv.csproj", "{E418066F-C034-4D88-8972-EA3874ABEDCB}"
EndProject
Project("{9A19103F-16F7-4668-BE54-9A1E7A4F7556}") = "OLT.EF.Core.Services", "..\src\OLT.EF.Core.Services\OLT.EF.Core.Services.csproj", "{43A16CE6-ABAE-4D8C-9682-0339703C9590}"
EndProject
Project("{9A19103F-16F7-4668-BE54-9A1E7A4F7556}") = "OLT.EF.Core.SqlServer", "..\src\OLT.EF.Core.SqlServer\OLT.EF.Core.SqlServer.csproj", "{901CA66E-1949-4568-BC76-D073DEBB6F1E}"
EndProject
Project("{9A19103F-16F7-4668-BE54-9A1E7A4F7556}") = "OLT.Email", "..\src\OLT.Email\OLT.Email.csproj", "{98759DA5-5EC5-4090-B8CE-BCE55737FE8F}"
EndProject
Project("{9A19103F-16F7-4668-BE54-9A1E7A4F7556}") = "OLT.Email.SendGrid", "..\src\OLT.Email.SendGrid\OLT.Email.SendGrid.csproj", "{4253995B-2ED9-4723-AE76-3D9B1DD57852}"
EndProject
Project("{9A19103F-16F7-4668-BE54-9A1E7A4F7556}") = "OLT.Email.SendGrid.Shared", "..\src\OLT.Email.SendGrid.Shared\OLT.Email.SendGrid.Shared.csproj", "{98D1636A-58C3-4EA5-9153-21A8699910C8}"
EndProject
Project("{9A19103F-16F7-4668-BE54-9A1E7A4F7556}") = "OLT.EPPlus", "..\src\OLT.EPPlus\OLT.EPPlus.csproj", "{0ACB3180-E491-4C1A-A2AF-0EFF584EC2BC}"
EndProject
Project("{9A19103F-16F7-4668-BE54-9A1E7A4F7556}") = "OLT.Extensions.Caching.Memory", "..\src\OLT.Extensions.Caching.Memory\OLT.Extensions.Caching.Memory.csproj", "{07D849D0-2A73-40FD-BE60-5A7366B7E88B}"
EndProject
Project("{9A19103F-16F7-4668-BE54-9A1E7A4F7556}") = "OLT.Extensions.Caching.Shared", "..\src\OLT.Extensions.Caching.Shared\OLT.Extensions.Caching.Shared.csproj", "{6155F10A-0E8E-4E90-A7C3-E995CE67E3AF}"
EndProject
Project("{9A19103F-16F7-4668-BE54-9A1E7A4F7556}") = "OLT.Extensions.Configuration", "..\src\OLT.Extensions.Configuration\OLT.Extensions.Configuration.csproj", "{1ECFB969-C4A7-4C17-AEDE-6263E779F56B}"
EndProject
Project("{9A19103F-16F7-4668-BE54-9A1E7A4F7556}") = "OLT.Extensions.Configuration.Amazon.SystemManager", "..\src\OLT.Extensions.Configuration.Amazon.SystemManager\OLT.Extensions.Configuration.Amazon.SystemManager.csproj", "{5BCF1998-1517-461E-83BA-1C4E86CC401C}"
EndProject
Project("{9A19103F-16F7-4668-BE54-9A1E7A4F7556}") = "OLT.Extensions.Configuration.Azure.AppConfig", "..\src\OLT.Extensions.Configuration.Azure.AppConfig\OLT.Extensions.Configuration.Azure.AppConfig.csproj", "{BCC320B4-3E58-4C33-B22F-EFEAA620F546}"
EndProject
Project("{9A19103F-16F7-4668-BE54-9A1E7A4F7556}") = "OLT.Extensions.DependencyInjection", "..\src\OLT.Extensions.DependencyInjection\OLT.Extensions.DependencyInjection.csproj", "{D98AFC07-7D80-47CD-9567-074D017C2C59}"
EndProject
Project("{9A19103F-16F7-4668-BE54-9A1E7A4F7556}") = "OLT.Extensions.DependencyInjection.AutoMapper", "..\src\OLT.Extensions.DependencyInjection.AutoMapper\OLT.Extensions.DependencyInjection.AutoMapper.csproj", "{C956C04F-4523-4F68-961C-8174803AA073}"
EndProject
Project("{9A19103F-16F7-4668-BE54-9A1E7A4F7556}") = "OLT.Logging.Serilog", "..\src\OLT.Logging.Serilog\OLT.Logging.Serilog.csproj", "{9440CDFD-7A66-4EEB-9BDB-4CB4537CAC49}"
EndProject
Project("{9A19103F-16F7-4668-BE54-9A1E7A4F7556}") = "OLT.Logging.Serilog.MSSqlServer", "..\src\OLT.Logging.Serilog.MSSqlServer\OLT.Logging.Serilog.MSSqlServer.csproj", "{42604E76-025C-4D98-B1BF-AAD43A728256}"
EndProject
Project("{9A19103F-16F7-4668-BE54-9A1E7A4F7556}") = "OLT.Searchers.DateRange", "..\src\OLT.Searchers.DateRange\OLT.Searchers.DateRange.csproj", "{15F77F20-386B-407A-A5AB-7F5AA0667773}"
EndProject
Project("{9A19103F-16F7-4668-BE54-9A1E7A4F7556}") = "OLT.Searchers.GenericFilter", "..\src\OLT.Searchers.GenericFilter\OLT.Searchers.GenericFilter.csproj", "{D5A4166A-B6B4-42B6-9248-03A9D8871B59}"
EndProject
Global
	GlobalSection(SolutionConfigurationPlatforms) = preSolution
		Debug|Any CPU = Debug|Any CPU
		Release|Any CPU = Release|Any CPU
	EndGlobalSection
	GlobalSection(ProjectConfigurationPlatforms) = postSolution
		{C5132903-A71F-4D89-AC5F-A21013DE68A8}.Debug|Any CPU.ActiveCfg = Debug|Any CPU
		{C5132903-A71F-4D89-AC5F-A21013DE68A8}.Debug|Any CPU.Build.0 = Debug|Any CPU
		{C5132903-A71F-4D89-AC5F-A21013DE68A8}.Release|Any CPU.ActiveCfg = Release|Any CPU
		{C5132903-A71F-4D89-AC5F-A21013DE68A8}.Release|Any CPU.Build.0 = Release|Any CPU
		{C67E4CE8-86F5-4A30-B5A1-F6057E11CB8A}.Debug|Any CPU.ActiveCfg = Debug|Any CPU
		{C67E4CE8-86F5-4A30-B5A1-F6057E11CB8A}.Debug|Any CPU.Build.0 = Debug|Any CPU
		{C67E4CE8-86F5-4A30-B5A1-F6057E11CB8A}.Release|Any CPU.ActiveCfg = Release|Any CPU
		{C67E4CE8-86F5-4A30-B5A1-F6057E11CB8A}.Release|Any CPU.Build.0 = Release|Any CPU
		{A9950239-7004-43A3-8C2B-7B4020ED2908}.Debug|Any CPU.ActiveCfg = Debug|Any CPU
		{A9950239-7004-43A3-8C2B-7B4020ED2908}.Debug|Any CPU.Build.0 = Debug|Any CPU
		{A9950239-7004-43A3-8C2B-7B4020ED2908}.Release|Any CPU.ActiveCfg = Release|Any CPU
		{A9950239-7004-43A3-8C2B-7B4020ED2908}.Release|Any CPU.Build.0 = Release|Any CPU
		{545BCC71-DBCB-4943-8E23-6C82A16B624B}.Debug|Any CPU.ActiveCfg = Debug|Any CPU
		{545BCC71-DBCB-4943-8E23-6C82A16B624B}.Debug|Any CPU.Build.0 = Debug|Any CPU
		{545BCC71-DBCB-4943-8E23-6C82A16B624B}.Release|Any CPU.ActiveCfg = Release|Any CPU
		{545BCC71-DBCB-4943-8E23-6C82A16B624B}.Release|Any CPU.Build.0 = Release|Any CPU
		{F7464890-EF2E-48CF-9EA0-3FED39757135}.Debug|Any CPU.ActiveCfg = Debug|Any CPU
		{F7464890-EF2E-48CF-9EA0-3FED39757135}.Debug|Any CPU.Build.0 = Debug|Any CPU
		{F7464890-EF2E-48CF-9EA0-3FED39757135}.Release|Any CPU.ActiveCfg = Release|Any CPU
		{F7464890-EF2E-48CF-9EA0-3FED39757135}.Release|Any CPU.Build.0 = Release|Any CPU
		{68E5FD50-A4E7-43F1-859C-D080A89A1DE9}.Debug|Any CPU.ActiveCfg = Debug|Any CPU
		{68E5FD50-A4E7-43F1-859C-D080A89A1DE9}.Debug|Any CPU.Build.0 = Debug|Any CPU
		{68E5FD50-A4E7-43F1-859C-D080A89A1DE9}.Release|Any CPU.ActiveCfg = Release|Any CPU
		{68E5FD50-A4E7-43F1-859C-D080A89A1DE9}.Release|Any CPU.Build.0 = Release|Any CPU
		{C956A868-FF52-4A3D-B8EF-875F00F5BFC0}.Debug|Any CPU.ActiveCfg = Debug|Any CPU
		{C956A868-FF52-4A3D-B8EF-875F00F5BFC0}.Debug|Any CPU.Build.0 = Debug|Any CPU
		{C956A868-FF52-4A3D-B8EF-875F00F5BFC0}.Release|Any CPU.ActiveCfg = Release|Any CPU
		{C956A868-FF52-4A3D-B8EF-875F00F5BFC0}.Release|Any CPU.Build.0 = Release|Any CPU
		{3B677756-5F7F-41D7-97E2-3DC91C641E32}.Debug|Any CPU.ActiveCfg = Debug|Any CPU
		{3B677756-5F7F-41D7-97E2-3DC91C641E32}.Debug|Any CPU.Build.0 = Debug|Any CPU
		{3B677756-5F7F-41D7-97E2-3DC91C641E32}.Release|Any CPU.ActiveCfg = Release|Any CPU
		{3B677756-5F7F-41D7-97E2-3DC91C641E32}.Release|Any CPU.Build.0 = Release|Any CPU
		{15400B99-351E-4BA4-AFD1-4573E7964062}.Debug|Any CPU.ActiveCfg = Debug|Any CPU
		{15400B99-351E-4BA4-AFD1-4573E7964062}.Debug|Any CPU.Build.0 = Debug|Any CPU
		{15400B99-351E-4BA4-AFD1-4573E7964062}.Release|Any CPU.ActiveCfg = Release|Any CPU
		{15400B99-351E-4BA4-AFD1-4573E7964062}.Release|Any CPU.Build.0 = Release|Any CPU
		{5245EA23-B1E8-460F-869A-E493A9908177}.Debug|Any CPU.ActiveCfg = Debug|Any CPU
		{5245EA23-B1E8-460F-869A-E493A9908177}.Debug|Any CPU.Build.0 = Debug|Any CPU
		{5245EA23-B1E8-460F-869A-E493A9908177}.Release|Any CPU.ActiveCfg = Release|Any CPU
		{5245EA23-B1E8-460F-869A-E493A9908177}.Release|Any CPU.Build.0 = Release|Any CPU
		{533864B1-5309-4CBF-8E7F-0133E99529FC}.Debug|Any CPU.ActiveCfg = Debug|Any CPU
		{533864B1-5309-4CBF-8E7F-0133E99529FC}.Debug|Any CPU.Build.0 = Debug|Any CPU
		{533864B1-5309-4CBF-8E7F-0133E99529FC}.Release|Any CPU.ActiveCfg = Release|Any CPU
		{533864B1-5309-4CBF-8E7F-0133E99529FC}.Release|Any CPU.Build.0 = Release|Any CPU
		{7B941CFD-9B20-4D82-845B-D2DD3229C3E5}.Debug|Any CPU.ActiveCfg = Debug|Any CPU
		{7B941CFD-9B20-4D82-845B-D2DD3229C3E5}.Debug|Any CPU.Build.0 = Debug|Any CPU
		{7B941CFD-9B20-4D82-845B-D2DD3229C3E5}.Release|Any CPU.ActiveCfg = Release|Any CPU
		{7B941CFD-9B20-4D82-845B-D2DD3229C3E5}.Release|Any CPU.Build.0 = Release|Any CPU
		{45FC2E6A-863E-40E1-9633-FE9EA30928ED}.Debug|Any CPU.ActiveCfg = Debug|Any CPU
		{45FC2E6A-863E-40E1-9633-FE9EA30928ED}.Debug|Any CPU.Build.0 = Debug|Any CPU
		{45FC2E6A-863E-40E1-9633-FE9EA30928ED}.Release|Any CPU.ActiveCfg = Release|Any CPU
		{45FC2E6A-863E-40E1-9633-FE9EA30928ED}.Release|Any CPU.Build.0 = Release|Any CPU
		{07F972FB-E132-4FBF-B52F-DC18A2FFB622}.Debug|Any CPU.ActiveCfg = Debug|Any CPU
		{07F972FB-E132-4FBF-B52F-DC18A2FFB622}.Debug|Any CPU.Build.0 = Debug|Any CPU
		{07F972FB-E132-4FBF-B52F-DC18A2FFB622}.Release|Any CPU.ActiveCfg = Release|Any CPU
		{07F972FB-E132-4FBF-B52F-DC18A2FFB622}.Release|Any CPU.Build.0 = Release|Any CPU
		{15D0BF6D-F636-4DBD-A7D5-5D0B97829B49}.Debug|Any CPU.ActiveCfg = Debug|Any CPU
		{15D0BF6D-F636-4DBD-A7D5-5D0B97829B49}.Debug|Any CPU.Build.0 = Debug|Any CPU
		{15D0BF6D-F636-4DBD-A7D5-5D0B97829B49}.Release|Any CPU.ActiveCfg = Release|Any CPU
		{15D0BF6D-F636-4DBD-A7D5-5D0B97829B49}.Release|Any CPU.Build.0 = Release|Any CPU
		{E418066F-C034-4D88-8972-EA3874ABEDCB}.Debug|Any CPU.ActiveCfg = Debug|Any CPU
		{E418066F-C034-4D88-8972-EA3874ABEDCB}.Debug|Any CPU.Build.0 = Debug|Any CPU
		{E418066F-C034-4D88-8972-EA3874ABEDCB}.Release|Any CPU.ActiveCfg = Release|Any CPU
		{E418066F-C034-4D88-8972-EA3874ABEDCB}.Release|Any CPU.Build.0 = Release|Any CPU
		{43A16CE6-ABAE-4D8C-9682-0339703C9590}.Debug|Any CPU.ActiveCfg = Debug|Any CPU
		{43A16CE6-ABAE-4D8C-9682-0339703C9590}.Debug|Any CPU.Build.0 = Debug|Any CPU
		{43A16CE6-ABAE-4D8C-9682-0339703C9590}.Release|Any CPU.ActiveCfg = Release|Any CPU
		{43A16CE6-ABAE-4D8C-9682-0339703C9590}.Release|Any CPU.Build.0 = Release|Any CPU
		{901CA66E-1949-4568-BC76-D073DEBB6F1E}.Debug|Any CPU.ActiveCfg = Debug|Any CPU
		{901CA66E-1949-4568-BC76-D073DEBB6F1E}.Debug|Any CPU.Build.0 = Debug|Any CPU
		{901CA66E-1949-4568-BC76-D073DEBB6F1E}.Release|Any CPU.ActiveCfg = Release|Any CPU
		{901CA66E-1949-4568-BC76-D073DEBB6F1E}.Release|Any CPU.Build.0 = Release|Any CPU
		{98759DA5-5EC5-4090-B8CE-BCE55737FE8F}.Debug|Any CPU.ActiveCfg = Debug|Any CPU
		{98759DA5-5EC5-4090-B8CE-BCE55737FE8F}.Debug|Any CPU.Build.0 = Debug|Any CPU
		{98759DA5-5EC5-4090-B8CE-BCE55737FE8F}.Release|Any CPU.ActiveCfg = Release|Any CPU
		{98759DA5-5EC5-4090-B8CE-BCE55737FE8F}.Release|Any CPU.Build.0 = Release|Any CPU
		{4253995B-2ED9-4723-AE76-3D9B1DD57852}.Debug|Any CPU.ActiveCfg = Debug|Any CPU
		{4253995B-2ED9-4723-AE76-3D9B1DD57852}.Debug|Any CPU.Build.0 = Debug|Any CPU
		{4253995B-2ED9-4723-AE76-3D9B1DD57852}.Release|Any CPU.ActiveCfg = Release|Any CPU
		{4253995B-2ED9-4723-AE76-3D9B1DD57852}.Release|Any CPU.Build.0 = Release|Any CPU
		{98D1636A-58C3-4EA5-9153-21A8699910C8}.Debug|Any CPU.ActiveCfg = Debug|Any CPU
		{98D1636A-58C3-4EA5-9153-21A8699910C8}.Debug|Any CPU.Build.0 = Debug|Any CPU
		{98D1636A-58C3-4EA5-9153-21A8699910C8}.Release|Any CPU.ActiveCfg = Release|Any CPU
		{98D1636A-58C3-4EA5-9153-21A8699910C8}.Release|Any CPU.Build.0 = Release|Any CPU
		{0ACB3180-E491-4C1A-A2AF-0EFF584EC2BC}.Debug|Any CPU.ActiveCfg = Debug|Any CPU
		{0ACB3180-E491-4C1A-A2AF-0EFF584EC2BC}.Debug|Any CPU.Build.0 = Debug|Any CPU
		{0ACB3180-E491-4C1A-A2AF-0EFF584EC2BC}.Release|Any CPU.ActiveCfg = Release|Any CPU
		{0ACB3180-E491-4C1A-A2AF-0EFF584EC2BC}.Release|Any CPU.Build.0 = Release|Any CPU
		{07D849D0-2A73-40FD-BE60-5A7366B7E88B}.Debug|Any CPU.ActiveCfg = Debug|Any CPU
		{07D849D0-2A73-40FD-BE60-5A7366B7E88B}.Debug|Any CPU.Build.0 = Debug|Any CPU
		{07D849D0-2A73-40FD-BE60-5A7366B7E88B}.Release|Any CPU.ActiveCfg = Release|Any CPU
		{07D849D0-2A73-40FD-BE60-5A7366B7E88B}.Release|Any CPU.Build.0 = Release|Any CPU
		{6155F10A-0E8E-4E90-A7C3-E995CE67E3AF}.Debug|Any CPU.ActiveCfg = Debug|Any CPU
		{6155F10A-0E8E-4E90-A7C3-E995CE67E3AF}.Debug|Any CPU.Build.0 = Debug|Any CPU
		{6155F10A-0E8E-4E90-A7C3-E995CE67E3AF}.Release|Any CPU.ActiveCfg = Release|Any CPU
		{6155F10A-0E8E-4E90-A7C3-E995CE67E3AF}.Release|Any CPU.Build.0 = Release|Any CPU
		{1ECFB969-C4A7-4C17-AEDE-6263E779F56B}.Debug|Any CPU.ActiveCfg = Debug|Any CPU
		{1ECFB969-C4A7-4C17-AEDE-6263E779F56B}.Debug|Any CPU.Build.0 = Debug|Any CPU
		{1ECFB969-C4A7-4C17-AEDE-6263E779F56B}.Release|Any CPU.ActiveCfg = Release|Any CPU
		{1ECFB969-C4A7-4C17-AEDE-6263E779F56B}.Release|Any CPU.Build.0 = Release|Any CPU
		{5BCF1998-1517-461E-83BA-1C4E86CC401C}.Debug|Any CPU.ActiveCfg = Debug|Any CPU
		{5BCF1998-1517-461E-83BA-1C4E86CC401C}.Debug|Any CPU.Build.0 = Debug|Any CPU
		{5BCF1998-1517-461E-83BA-1C4E86CC401C}.Release|Any CPU.ActiveCfg = Release|Any CPU
		{5BCF1998-1517-461E-83BA-1C4E86CC401C}.Release|Any CPU.Build.0 = Release|Any CPU
		{BCC320B4-3E58-4C33-B22F-EFEAA620F546}.Debug|Any CPU.ActiveCfg = Debug|Any CPU
		{BCC320B4-3E58-4C33-B22F-EFEAA620F546}.Debug|Any CPU.Build.0 = Debug|Any CPU
		{BCC320B4-3E58-4C33-B22F-EFEAA620F546}.Release|Any CPU.ActiveCfg = Release|Any CPU
		{BCC320B4-3E58-4C33-B22F-EFEAA620F546}.Release|Any CPU.Build.0 = Release|Any CPU
		{D98AFC07-7D80-47CD-9567-074D017C2C59}.Debug|Any CPU.ActiveCfg = Debug|Any CPU
		{D98AFC07-7D80-47CD-9567-074D017C2C59}.Debug|Any CPU.Build.0 = Debug|Any CPU
		{D98AFC07-7D80-47CD-9567-074D017C2C59}.Release|Any CPU.ActiveCfg = Release|Any CPU
		{D98AFC07-7D80-47CD-9567-074D017C2C59}.Release|Any CPU.Build.0 = Release|Any CPU
		{C956C04F-4523-4F68-961C-8174803AA073}.Debug|Any CPU.ActiveCfg = Debug|Any CPU
		{C956C04F-4523-4F68-961C-8174803AA073}.Debug|Any CPU.Build.0 = Debug|Any CPU
		{C956C04F-4523-4F68-961C-8174803AA073}.Release|Any CPU.ActiveCfg = Release|Any CPU
		{C956C04F-4523-4F68-961C-8174803AA073}.Release|Any CPU.Build.0 = Release|Any CPU
		{9440CDFD-7A66-4EEB-9BDB-4CB4537CAC49}.Debug|Any CPU.ActiveCfg = Debug|Any CPU
		{9440CDFD-7A66-4EEB-9BDB-4CB4537CAC49}.Debug|Any CPU.Build.0 = Debug|Any CPU
		{9440CDFD-7A66-4EEB-9BDB-4CB4537CAC49}.Release|Any CPU.ActiveCfg = Release|Any CPU
		{9440CDFD-7A66-4EEB-9BDB-4CB4537CAC49}.Release|Any CPU.Build.0 = Release|Any CPU
		{42604E76-025C-4D98-B1BF-AAD43A728256}.Debug|Any CPU.ActiveCfg = Debug|Any CPU
		{42604E76-025C-4D98-B1BF-AAD43A728256}.Debug|Any CPU.Build.0 = Debug|Any CPU
		{42604E76-025C-4D98-B1BF-AAD43A728256}.Release|Any CPU.ActiveCfg = Release|Any CPU
		{42604E76-025C-4D98-B1BF-AAD43A728256}.Release|Any CPU.Build.0 = Release|Any CPU
		{15F77F20-386B-407A-A5AB-7F5AA0667773}.Debug|Any CPU.ActiveCfg = Debug|Any CPU
		{15F77F20-386B-407A-A5AB-7F5AA0667773}.Debug|Any CPU.Build.0 = Debug|Any CPU
		{15F77F20-386B-407A-A5AB-7F5AA0667773}.Release|Any CPU.ActiveCfg = Release|Any CPU
		{15F77F20-386B-407A-A5AB-7F5AA0667773}.Release|Any CPU.Build.0 = Release|Any CPU
		{D5A4166A-B6B4-42B6-9248-03A9D8871B59}.Debug|Any CPU.ActiveCfg = Debug|Any CPU
		{D5A4166A-B6B4-42B6-9248-03A9D8871B59}.Debug|Any CPU.Build.0 = Debug|Any CPU
		{D5A4166A-B6B4-42B6-9248-03A9D8871B59}.Release|Any CPU.ActiveCfg = Release|Any CPU
		{D5A4166A-B6B4-42B6-9248-03A9D8871B59}.Release|Any CPU.Build.0 = Release|Any CPU
	EndGlobalSection
	GlobalSection(SolutionProperties) = preSolution
		HideSolutionNode = FALSE
	EndGlobalSection
	GlobalSection(NestedProjects) = preSolution
		{C67E4CE8-86F5-4A30-B5A1-F6057E11CB8A} = {6F4A795D-662B-4A9F-BF2A-4AED9D80B800}
		{A9950239-7004-43A3-8C2B-7B4020ED2908} = {6F4A795D-662B-4A9F-BF2A-4AED9D80B800}
		{545BCC71-DBCB-4943-8E23-6C82A16B624B} = {6F4A795D-662B-4A9F-BF2A-4AED9D80B800}
		{F7464890-EF2E-48CF-9EA0-3FED39757135} = {6F4A795D-662B-4A9F-BF2A-4AED9D80B800}
		{68E5FD50-A4E7-43F1-859C-D080A89A1DE9} = {6F4A795D-662B-4A9F-BF2A-4AED9D80B800}
		{C956A868-FF52-4A3D-B8EF-875F00F5BFC0} = {6F4A795D-662B-4A9F-BF2A-4AED9D80B800}
		{3B677756-5F7F-41D7-97E2-3DC91C641E32} = {6F4A795D-662B-4A9F-BF2A-4AED9D80B800}
		{15400B99-351E-4BA4-AFD1-4573E7964062} = {6F4A795D-662B-4A9F-BF2A-4AED9D80B800}
		{5245EA23-B1E8-460F-869A-E493A9908177} = {6F4A795D-662B-4A9F-BF2A-4AED9D80B800}
		{533864B1-5309-4CBF-8E7F-0133E99529FC} = {6F4A795D-662B-4A9F-BF2A-4AED9D80B800}
		{7B941CFD-9B20-4D82-845B-D2DD3229C3E5} = {6F4A795D-662B-4A9F-BF2A-4AED9D80B800}
		{45FC2E6A-863E-40E1-9633-FE9EA30928ED} = {6F4A795D-662B-4A9F-BF2A-4AED9D80B800}
		{07F972FB-E132-4FBF-B52F-DC18A2FFB622} = {6F4A795D-662B-4A9F-BF2A-4AED9D80B800}
		{15D0BF6D-F636-4DBD-A7D5-5D0B97829B49} = {6F4A795D-662B-4A9F-BF2A-4AED9D80B800}
		{E418066F-C034-4D88-8972-EA3874ABEDCB} = {6F4A795D-662B-4A9F-BF2A-4AED9D80B800}
		{43A16CE6-ABAE-4D8C-9682-0339703C9590} = {6F4A795D-662B-4A9F-BF2A-4AED9D80B800}
		{901CA66E-1949-4568-BC76-D073DEBB6F1E} = {6F4A795D-662B-4A9F-BF2A-4AED9D80B800}
		{98759DA5-5EC5-4090-B8CE-BCE55737FE8F} = {6F4A795D-662B-4A9F-BF2A-4AED9D80B800}
		{4253995B-2ED9-4723-AE76-3D9B1DD57852} = {6F4A795D-662B-4A9F-BF2A-4AED9D80B800}
		{98D1636A-58C3-4EA5-9153-21A8699910C8} = {6F4A795D-662B-4A9F-BF2A-4AED9D80B800}
		{0ACB3180-E491-4C1A-A2AF-0EFF584EC2BC} = {6F4A795D-662B-4A9F-BF2A-4AED9D80B800}
		{07D849D0-2A73-40FD-BE60-5A7366B7E88B} = {6F4A795D-662B-4A9F-BF2A-4AED9D80B800}
		{6155F10A-0E8E-4E90-A7C3-E995CE67E3AF} = {6F4A795D-662B-4A9F-BF2A-4AED9D80B800}
		{1ECFB969-C4A7-4C17-AEDE-6263E779F56B} = {6F4A795D-662B-4A9F-BF2A-4AED9D80B800}
		{5BCF1998-1517-461E-83BA-1C4E86CC401C} = {6F4A795D-662B-4A9F-BF2A-4AED9D80B800}
		{BCC320B4-3E58-4C33-B22F-EFEAA620F546} = {6F4A795D-662B-4A9F-BF2A-4AED9D80B800}
		{D98AFC07-7D80-47CD-9567-074D017C2C59} = {6F4A795D-662B-4A9F-BF2A-4AED9D80B800}
		{C956C04F-4523-4F68-961C-8174803AA073} = {6F4A795D-662B-4A9F-BF2A-4AED9D80B800}
		{9440CDFD-7A66-4EEB-9BDB-4CB4537CAC49} = {6F4A795D-662B-4A9F-BF2A-4AED9D80B800}
		{42604E76-025C-4D98-B1BF-AAD43A728256} = {6F4A795D-662B-4A9F-BF2A-4AED9D80B800}
		{15F77F20-386B-407A-A5AB-7F5AA0667773} = {6F4A795D-662B-4A9F-BF2A-4AED9D80B800}
		{D5A4166A-B6B4-42B6-9248-03A9D8871B59} = {6F4A795D-662B-4A9F-BF2A-4AED9D80B800}
	EndGlobalSection
	GlobalSection(ExtensibilityGlobals) = postSolution
		SolutionGuid = {B48E088F-7587-4EC2-B211-8F45736EDD12}
	EndGlobalSection
EndGlobal
