Microsoft Visual Studio Solution File, Format Version 12.00
# Visual Studio Version 17
VisualStudioVersion = 17.0.32112.339
MinimumVisualStudioVersion = 10.0.40219.1
Project("{2150E333-8FDC-42A3-9474-1A3956D46DE8}") = "OLT.Extensions.General", "OLT.Extensions.General", "{47CD24FC-21E0-4840-A056-6C147B8E1131}"
EndProject
Project("{9A19103F-16F7-4668-BE54-9A1E7A4F7556}") = "OLT.Extensions.General", "src\OLT.Extensions.General\OLT.Extensions.General.csproj", "{545BCC71-DBCB-4943-8E23-6C82A16B624B}"
EndProject
Project("{9A19103F-16F7-4668-BE54-9A1E7A4F7556}") = "OLT.Extensions.General.Tests", "tests\OLT.Extensions.General.Tests\OLT.Extensions.General.Tests.csproj", "{D74F7A17-B8D1-41A8-854E-556659696DB7}"
EndProject
Project("{2150E333-8FDC-42A3-9474-1A3956D46DE8}") = "OLT.Logging.Serilog", "OLT.Logging.Serilog", "{4812A791-0A74-44F5-AA37-448BD5383F53}"
EndProject
Project("{9A19103F-16F7-4668-BE54-9A1E7A4F7556}") = "OLT.Logging.Serilog", "src\OLT.Logging.Serilog\OLT.Logging.Serilog.csproj", "{9440CDFD-7A66-4EEB-9BDB-4CB4537CAC49}"
EndProject
Project("{9A19103F-16F7-4668-BE54-9A1E7A4F7556}") = "OLT.Logging.Serilog.Tests", "tests\OLT.Logging.Serilog.Tests\OLT.Logging.Serilog.Tests.csproj", "{5BE2A5C9-48D0-4969-BF19-6F8B29A784E3}"
EndProject
Project("{2150E333-8FDC-42A3-9474-1A3956D46DE8}") = "OLT.AspNetCore", "OLT.AspNetCore", "{FC12AA4E-E1A3-4893-95F0-2230525468F2}"
EndProject
Project("{2150E333-8FDC-42A3-9474-1A3956D46DE8}") = "OLT.AspNetCore.Authentication.JwtBearer", "OLT.AspNetCore.Authentication.JwtBearer", "{852E34DC-7032-4B07-A1DF-DF134238C6C8}"
EndProject
Project("{9A19103F-16F7-4668-BE54-9A1E7A4F7556}") = "OLT.AspNetCore.Authentication.JwtBearer", "src\OLT.AspNetCore.Authentication.JwtBearer\OLT.AspNetCore.Authentication.JwtBearer.csproj", "{3B677756-5F7F-41D7-97E2-3DC91C641E32}"
EndProject
Project("{2150E333-8FDC-42A3-9474-1A3956D46DE8}") = "OLT.AspNetCore.Serilog", "OLT.AspNetCore.Serilog", "{75F93E18-EE36-458E-A8B4-79F97B56C9FB}"
EndProject
Project("{9A19103F-16F7-4668-BE54-9A1E7A4F7556}") = "OLT.AspNetCore.Serilog", "src\OLT.AspNetCore.Serilog\OLT.AspNetCore.Serilog.csproj", "{15400B99-351E-4BA4-AFD1-4573E7964062}"
EndProject
Project("{9A19103F-16F7-4668-BE54-9A1E7A4F7556}") = "OLT.AspNetCore.Authentication.JwtBearer.Tests", "tests\OLT.AspNetCore.Authentication.JwtBearer.Tests\OLT.AspNetCore.Authentication.JwtBearer.Tests.csproj", "{7F97B7F2-7326-48CD-B194-A2CCCCE0FEB1}"
EndProject
Project("{9A19103F-16F7-4668-BE54-9A1E7A4F7556}") = "OLT.AspNetCore.Serilog.Tests.ThrowError", "tests\OLT.AspNetCore.Serilog.Tests\OLT.AspNetCore.Serilog.Tests.ThrowError\OLT.AspNetCore.Serilog.Tests.ThrowError.csproj", "{2343A430-E543-4B63-9E8A-057D70EE4358}"
EndProject
Project("{9A19103F-16F7-4668-BE54-9A1E7A4F7556}") = "OLT.AspNetCore.Serilog.Tests.BadRequest", "tests\OLT.AspNetCore.Serilog.Tests\OLT.AspNetCore.Serilog.Tests.BadRequest\OLT.AspNetCore.Serilog.Tests.BadRequest.csproj", "{457516F5-F3A0-4766-9E51-8AEF130583C6}"
EndProject
Project("{9A19103F-16F7-4668-BE54-9A1E7A4F7556}") = "OLT.AspNetCore.Serilog.Tests.ValidationError", "tests\OLT.AspNetCore.Serilog.Tests\OLT.AspNetCore.Serilog.Tests.ValidationError\OLT.AspNetCore.Serilog.Tests.ValidationError.csproj", "{8D565205-734D-49AD-A7B9-3F791E6C3ABC}"
EndProject
Project("{2150E333-8FDC-42A3-9474-1A3956D46DE8}") = "Tests", "Tests", "{9E65BAB1-3581-46E9-BB80-E518A9552167}"
EndProject
Project("{9A19103F-16F7-4668-BE54-9A1E7A4F7556}") = "OLT.AspNetCore.Serilog.Tests.RecordNotFound", "tests\OLT.AspNetCore.Serilog.Tests\OLT.AspNetCore.Serilog.Tests.RecordNotFound\OLT.AspNetCore.Serilog.Tests.RecordNotFound.csproj", "{F9C2DFD4-CC77-4211-97B0-80D50AD57998}"
EndProject
Project("{9A19103F-16F7-4668-BE54-9A1E7A4F7556}") = "OLT.AspNetCore.Serilog.Tests.Identity", "tests\OLT.AspNetCore.Serilog.Tests\OLT.AspNetCore.Serilog.Tests.Identity\OLT.AspNetCore.Serilog.Tests.Identity.csproj", "{90D4F277-E7B2-4062-A77B-AB12EE1E079F}"
EndProject
Project("{9A19103F-16F7-4668-BE54-9A1E7A4F7556}") = "OLT.AspNetCore.Serilog.Tests.General", "tests\OLT.AspNetCore.Serilog.Tests\OLT.AspNetCore.Serilog.Tests.General\OLT.AspNetCore.Serilog.Tests.General.csproj", "{F31356F8-FF23-4AC6-AD91-9D07714CFB3B}"
EndProject
Project("{9A19103F-16F7-4668-BE54-9A1E7A4F7556}") = "OLT.AspNetCore.Serilog.Tests.Helper", "tests\OLT.AspNetCore.Serilog.Tests\OLT.AspNetCore.Serilog.Tests.Helper\OLT.AspNetCore.Serilog.Tests.Helper.csproj", "{E4159819-4EE1-4590-8906-950C87B95F57}"
EndProject
Project("{2150E333-8FDC-42A3-9474-1A3956D46DE8}") = "OLT.Extensions.Caching", "OLT.Extensions.Caching", "{58D33CE1-FB7F-4ACE-AF22-88F72F72C3DD}"
EndProject
Project("{9A19103F-16F7-4668-BE54-9A1E7A4F7556}") = "OLT.Extensions.Caching.Memory", "src\OLT.Extensions.Caching.Memory\OLT.Extensions.Caching.Memory.csproj", "{07D849D0-2A73-40FD-BE60-5A7366B7E88B}"
EndProject
Project("{9A19103F-16F7-4668-BE54-9A1E7A4F7556}") = "OLT.Extensions.Caching.Tests", "tests\OLT.Extensions.Caching.Tests\OLT.Extensions.Caching.Tests.csproj", "{B5104E84-B77C-4644-8015-183E379A8CC9}"
EndProject
Project("{2150E333-8FDC-42A3-9474-1A3956D46DE8}") = "OLT.EF", "OLT.EF", "{B1C128D8-1AD5-4712-92F7-92FC7B3C4DD9}"
EndProject
Project("{2150E333-8FDC-42A3-9474-1A3956D46DE8}") = "OLT.EF.Core", "OLT.EF.Core", "{DA1ABDAB-8B14-4FE9-8D2E-F0C11B6F8BFD}"
EndProject
Project("{9A19103F-16F7-4668-BE54-9A1E7A4F7556}") = "OLT.EF.Core.Tests", "tests\OLT.EF.Core.Tests\OLT.EF.Core.Tests.csproj", "{236EE3C9-90FC-403F-BB53-69522303C8F4}"
EndProject
Project("{2150E333-8FDC-42A3-9474-1A3956D46DE8}") = "OLT.EF.Core.Services", "OLT.EF.Core.Services", "{E0AD6097-897A-47D0-B615-780E364FA5F2}"
EndProject
Project("{9A19103F-16F7-4668-BE54-9A1E7A4F7556}") = "OLT.EF.Core.Services", "src\OLT.EF.Core.Services\OLT.EF.Core.Services.csproj", "{43A16CE6-ABAE-4D8C-9682-0339703C9590}"
EndProject
Project("{2150E333-8FDC-42A3-9474-1A3956D46DE8}") = "OLT.Extensions.DependencyInjection", "OLT.Extensions.DependencyInjection", "{33BD7C3F-51C6-4EC9-9E51-17EC78EDB91E}"
EndProject
Project("{9A19103F-16F7-4668-BE54-9A1E7A4F7556}") = "OLT.Extensions.DependencyInjection", "src\OLT.Extensions.DependencyInjection\OLT.Extensions.DependencyInjection.csproj", "{D98AFC07-7D80-47CD-9567-074D017C2C59}"
EndProject
Project("{2150E333-8FDC-42A3-9474-1A3956D46DE8}") = "OLT.Extensions.Configuration", "OLT.Extensions.Configuration", "{286D6206-6E71-4414-AA18-DA8F4BB3C1C0}"
EndProject
Project("{9A19103F-16F7-4668-BE54-9A1E7A4F7556}") = "OLT.Extensions.Configuration", "src\OLT.Extensions.Configuration\OLT.Extensions.Configuration.csproj", "{1ECFB969-C4A7-4C17-AEDE-6263E779F56B}"
EndProject
Project("{9A19103F-16F7-4668-BE54-9A1E7A4F7556}") = "OLT.Extensions.Configuration.Tests", "tests\OLT.Extensions.Configuration.Tests\OLT.Extensions.Configuration.Tests.csproj", "{EE27DC10-5995-449F-B00F-E6A24E8B4AE5}"
EndProject
Project("{9A19103F-16F7-4668-BE54-9A1E7A4F7556}") = "OLT.Extensions.DependencyInjection.Tests", "tests\OLT.Extensions.DependencyInjection.Tests\OLT.Extensions.DependencyInjection.Tests.csproj", "{DAEA1039-9C3A-4974-BBF4-35BA13857753}"
EndProject
Project("{2150E333-8FDC-42A3-9474-1A3956D46DE8}") = "OLT.AspNetCore", "OLT.AspNetCore", "{64D25B40-3F90-45D2-B35B-DB9379965BBC}"
EndProject
Project("{9A19103F-16F7-4668-BE54-9A1E7A4F7556}") = "OLT.AspNetCore", "src\OLT.AspNetCore\OLT.AspNetCore.csproj", "{F7464890-EF2E-48CF-9EA0-3FED39757135}"
EndProject
Project("{9A19103F-16F7-4668-BE54-9A1E7A4F7556}") = "OLT.AspNetCore.Tests", "tests\OLT.AspNetCore.Tests\OLT.AspNetCore.Tests.csproj", "{0702BD9A-4F7E-4017-9C02-47037B0818F0}"
EndProject
Project("{9A19103F-16F7-4668-BE54-9A1E7A4F7556}") = "OLT.Extensions.Configuration.Azure.AppConfig", "src\OLT.Extensions.Configuration.Azure.AppConfig\OLT.Extensions.Configuration.Azure.AppConfig.csproj", "{BCC320B4-3E58-4C33-B22F-EFEAA620F546}"
EndProject
Project("{9A19103F-16F7-4668-BE54-9A1E7A4F7556}") = "OLT.Extensions.Configuration.Amazon.SystemManager", "src\OLT.Extensions.Configuration.Amazon.SystemManager\OLT.Extensions.Configuration.Amazon.SystemManager.csproj", "{5BCF1998-1517-461E-83BA-1C4E86CC401C}"
EndProject
Project("{9A19103F-16F7-4668-BE54-9A1E7A4F7556}") = "OLT.Logging.Serilog.MSSqlServer", "src\OLT.Logging.Serilog.MSSqlServer\OLT.Logging.Serilog.MSSqlServer.csproj", "{E6E490C0-E910-4307-A405-24358BBF5714}"
EndProject
Project("{2150E333-8FDC-42A3-9474-1A3956D46DE8}") = "OLT.Searchers", "OLT.Searchers", "{5283590F-599E-4FD4-A2AC-8E142C99E9C5}"
EndProject
Project("{9A19103F-16F7-4668-BE54-9A1E7A4F7556}") = "OLT.Searchers.DateRange", "src\OLT.Searchers.DateRange\OLT.Searchers.DateRange.csproj", "{1267480B-259E-4E4F-A2CB-69844826088D}"
EndProject
Project("{9A19103F-16F7-4668-BE54-9A1E7A4F7556}") = "OLT.Searchers.Tests", "tests\OLT.Searchers.Tests\OLT.Searchers.Tests.csproj", "{FF763B05-00F3-4D3B-A5AC-773A0351143B}"
EndProject
Project("{9A19103F-16F7-4668-BE54-9A1E7A4F7556}") = "OLT.Searchers.GenericFilter", "src\OLT.Searchers.GenericFilter\OLT.Searchers.GenericFilter.csproj", "{42477CF1-68B7-4EA8-B3CF-FD81A4EB9532}"
EndProject
Project("{9A19103F-16F7-4668-BE54-9A1E7A4F7556}") = "OLT.Extensions.Caching.Redis", "src\OLT.Extensions.Caching.Redis\OLT.Extensions.Caching.Redis.csproj", "{D42DD1C7-055E-4DE9-B674-E0BB113A0996}"
EndProject
Project("{2150E333-8FDC-42A3-9474-1A3956D46DE8}") = "OLT.Core.CommandBus", "OLT.Core.CommandBus", "{79FEE994-9D2D-43C1-A223-11078DB0F617}"
EndProject
Project("{9A19103F-16F7-4668-BE54-9A1E7A4F7556}") = "OLT.Core.CommandBus", "src\OLT.Core.CommandBus\OLT.Core.CommandBus.csproj", "{043F2D15-646E-4541-9995-E85C93A6896D}"
EndProject
Project("{9A19103F-16F7-4668-BE54-9A1E7A4F7556}") = "OLT.Core.CommandBus.Tests", "tests\OLT.Core.CommandBus.Tests\OLT.Core.CommandBus.Tests.csproj", "{391B2EDF-30C7-44C1-AAC8-582F45FDCD6C}"
EndProject
Project("{2150E333-8FDC-42A3-9474-1A3956D46DE8}") = "Pipelines", "Pipelines", "{3D90FC9A-8A2E-4870-BC52-3193FEE45FE4}"
	ProjectSection(SolutionItems) = preProject
		.github\workflows\build.yml = .github\workflows\build.yml
		.github\workflows\release.yml = .github\workflows\release.yml
	EndProjectSection
EndProject
Project("{9A19103F-16F7-4668-BE54-9A1E7A4F7556}") = "OLT.Core.CommandBus.Abstractions", "src\OLT.Core.CommandBus.Abstractions\OLT.Core.CommandBus.Abstractions.csproj", "{526FA222-2F9F-4BD1-91D9-34F0FBAA7C57}"
EndProject
Project("{2150E333-8FDC-42A3-9474-1A3956D46DE8}") = "OLT.Core.Abstractions", "OLT.Core.Abstractions", "{0023661F-809B-40D0-9A5A-514B14CB7984}"
EndProject
Project("{9A19103F-16F7-4668-BE54-9A1E7A4F7556}") = "OLT.Core.Attribute.Abstractions", "src\OLT.Core.Attribute.Abstractions\OLT.Core.Attribute.Abstractions.csproj", "{96A89741-4C91-4561-9A14-F39647455A24}"
EndProject
Project("{9A19103F-16F7-4668-BE54-9A1E7A4F7556}") = "OLT.Core.Model.Abstractions", "src\OLT.Core.Model.Abstractions\OLT.Core.Model.Abstractions.csproj", "{7B9E9331-5FA2-4C2F-AC00-4EFBA3CAA23A}"
EndProject
Project("{9A19103F-16F7-4668-BE54-9A1E7A4F7556}") = "OLT.Logging.Serilog.Abstractions", "src\OLT.Logging.Serilog.Abstractions\OLT.Logging.Serilog.Abstractions.csproj", "{E8C96D38-BB09-4B83-B118-F499B84053FD}"
EndProject
Project("{9A19103F-16F7-4668-BE54-9A1E7A4F7556}") = "OLT.Core.Exception.Abstractions", "src\OLT.Core.Exception.Abstractions\OLT.Core.Exception.Abstractions.csproj", "{FB41956D-D860-4694-84A0-DBDD0137D9EE}"
EndProject
Project("{9A19103F-16F7-4668-BE54-9A1E7A4F7556}") = "OLT.Core.Identity.Abstractions", "src\OLT.Core.Identity.Abstractions\OLT.Core.Identity.Abstractions.csproj", "{005CE032-54C6-40B6-9E34-D147152CDC16}"
EndProject
Project("{9A19103F-16F7-4668-BE54-9A1E7A4F7556}") = "OLT.Core.DependencyInjection.Abstractions", "src\OLT.Core.DependencyInjection.Abstractions\OLT.Core.DependencyInjection.Abstractions.csproj", "{BC57161D-F7B7-4064-B18B-B06806566694}"
EndProject
Project("{9A19103F-16F7-4668-BE54-9A1E7A4F7556}") = "OLT.Core.Service.Abstractions", "src\OLT.Core.Service.Abstractions\OLT.Core.Service.Abstractions.csproj", "{ECECC7CF-F522-4E35-A0E6-E9CFD062DA9A}"
EndProject
Project("{9A19103F-16F7-4668-BE54-9A1E7A4F7556}") = "OLT.Extensions.Caching.Abstractions", "src\OLT.Extensions.Caching.Abstractions\OLT.Extensions.Caching.Abstractions.csproj", "{FD9429BA-4A7F-4B74-BC08-4C728F1F30FC}"
EndProject
Project("{9A19103F-16F7-4668-BE54-9A1E7A4F7556}") = "OLT.Core.Hosting.Abstractions", "src\OLT.Core.Hosting.Abstractions\OLT.Core.Hosting.Abstractions.csproj", "{E3C1C321-E965-4D6D-BD69-353BABB7A1F2}"
EndProject
Project("{2150E333-8FDC-42A3-9474-1A3956D46DE8}") = ".build", ".build", "{01D6B209-8AC6-4BC6-B2EB-5010CE304DEB}"
	ProjectSection(SolutionItems) = preProject
		src\Directory.Build.props = src\Directory.Build.props
	EndProjectSection
EndProject
Project("{9A19103F-16F7-4668-BE54-9A1E7A4F7556}") = "OLT.Core.EntityFrameworkCore.Abstractions", "src\OLT.Core.EntityFrameworkCore.Abstractions\OLT.Core.EntityFrameworkCore.Abstractions.csproj", "{47C4EBD0-8E3A-4FF9-A8AC-C43DB2B5A6FD}"
EndProject
Project("{FAE04EC0-301F-11D3-BF4B-00C04F79EFBC}") = "OLT.Logging.Serilog.Hosting", "src\OLT.Logging.Serilog.Hosting\OLT.Logging.Serilog.Hosting.csproj", "{7F206CC5-22EE-45B4-AB0E-4ECD05C8FDAA}"
EndProject
Project("{FAE04EC0-301F-11D3-BF4B-00C04F79EFBC}") = "OLT.Core.EntityFrameworkCore.Abstractions.Tests", "tests\OLT.Core.EntityFrameworkCore.Abstractions.Tests\OLT.Core.EntityFrameworkCore.Abstractions.Tests.csproj", "{E70BCBEB-164C-4163-BD50-A723A3BD2E38}"
EndProject
Project("{2150E333-8FDC-42A3-9474-1A3956D46DE8}") = "OLT.Core.EntityFrameworkCore.Abstractions", "OLT.Core.EntityFrameworkCore.Abstractions", "{E3F519D6-745C-49C8-8C03-02C70F0B205A}"
EndProject
Project("{2150E333-8FDC-42A3-9474-1A3956D46DE8}") = "OLT.Core.EntityFrameworkCore.SqlServer.Abstractions", "OLT.Core.EntityFrameworkCore.SqlServer.Abstractions", "{51D74B1E-DFBD-4D98-B67E-A752AB29D49C}"
EndProject
Project("{FAE04EC0-301F-11D3-BF4B-00C04F79EFBC}") = "OLT.Core.EntityFrameworkCore.SqlServer.Abstractions", "src\OLT.Core.EntityFrameworkCore.SqlServer.Abstractions\OLT.Core.EntityFrameworkCore.SqlServer.Abstractions.csproj", "{BBA37A7A-9A00-4796-B2C9-154AA3596779}"
EndProject
Project("{FAE04EC0-301F-11D3-BF4B-00C04F79EFBC}") = "OLT.Core.EntityFrameworkCore.SqlServer.Abstractions.Tests", "tests\OLT.Core.EntityFrameworkCore.SqlServer.Abstractions.Tests\OLT.Core.EntityFrameworkCore.SqlServer.Abstractions.Tests.csproj", "{284F8CE5-CB80-4D5B-8220-CA7EEA8231C1}"
EndProject
Project("{2150E333-8FDC-42A3-9474-1A3956D46DE8}") = "test", "test", "{37F3E23E-DC6C-4BC9-A939-4F81B1FA5EF2}"
	ProjectSection(SolutionItems) = preProject
		tests\Directory.Build.props = tests\Directory.Build.props
	EndProjectSection
EndProject
Project("{2150E333-8FDC-42A3-9474-1A3956D46DE8}") = ".solution", ".solution", "{451FDA99-1CD4-4BB7-901B-36E21F81DFC6}"
	ProjectSection(SolutionItems) = preProject
		README.md = README.md
	EndProjectSection
EndProject
Project("{FAE04EC0-301F-11D3-BF4B-00C04F79EFBC}") = "OLT.EF.Core.Services.Tests.Automapper", "tests\OLT.EF.Core.Services.Tests.Automapper\OLT.EF.Core.Services.Tests.Automapper.csproj", "{D31F71E7-B539-44BE-AAB2-15A44494EB1B}"
EndProject
Project("{FAE04EC0-301F-11D3-BF4B-00C04F79EFBC}") = "OLT.EF.Core.Services.Tests.DataAdapter", "tests\OLT.EF.Core.Services.Tests.DataAdapter\OLT.EF.Core.Services.Tests.DataAdapter.csproj", "{F3859362-D168-499C-B363-4F5BCFC22A6E}"
EndProject
Project("{FAE04EC0-301F-11D3-BF4B-00C04F79EFBC}") = "OLT.EF.Core.Services.Tests.Lib", "tests\OLT.EF.Core.Services.Tests.Lib\OLT.EF.Core.Services.Tests.Lib.csproj", "{4F3D19FD-215F-44B5-A483-E9FC1E1C6B44}"
EndProject
Project("{FAE04EC0-301F-11D3-BF4B-00C04F79EFBC}") = "OLT.Core.Model.Abstractions.Tests", "tests\OLT.Core.Model.Abstractions.Tests\OLT.Core.Model.Abstractions.Tests.csproj", "{B16C1621-F346-44F6-A1F3-57CEC82B932D}"
EndProject
Project("{FAE04EC0-301F-11D3-BF4B-00C04F79EFBC}") = "OLT.Core.Identity.Abstractions.Tests", "tests\OLT.Core.Identity.Abstractions.Tests\OLT.Core.Identity.Abstractions.Tests.csproj", "{925E0657-3152-4E8A-82F5-54C07F2CAC7F}"
EndProject
Project("{FAE04EC0-301F-11D3-BF4B-00C04F79EFBC}") = "OLT.Core.Hosting.Abstractions.Tests", "tests\OLT.Core.Hosting.Abstractions.Tests\OLT.Core.Hosting.Abstractions.Tests.csproj", "{BD483077-31DD-475F-8500-F7D7D3E21368}"
EndProject
Project("{FAE04EC0-301F-11D3-BF4B-00C04F79EFBC}") = "OLT.Core.Exception.Abstractions.Tests", "tests\OLT.Core.Exception.Abstractions.Tests\OLT.Core.Exception.Abstractions.Tests.csproj", "{50B4F6FB-D4EB-415E-AC80-8A6CEAF48876}"
EndProject
Project("{FAE04EC0-301F-11D3-BF4B-00C04F79EFBC}") = "OLT.Core.Service.Abstractions.Tests", "tests\OLT.Core.Service.Abstractions.Tests\OLT.Core.Service.Abstractions.Tests.csproj", "{E84AEAE7-F1C7-417B-8F4B-16B6E516057B}"
EndProject
Project("{FAE04EC0-301F-11D3-BF4B-00C04F79EFBC}") = "OLT.Core.Attribute.Abstractions.Tests", "tests\OLT.Core.Attribute.Abstractions.Tests\OLT.Core.Attribute.Abstractions.Tests.csproj", "{BACC3A7F-559E-4B3A-A9AB-27241A68FD59}"
EndProject
Project("{2150E333-8FDC-42A3-9474-1A3956D46DE8}") = ".build", ".build", "{A7199FB0-3C48-43BA-BCAE-2550A1236DEE}"
	ProjectSection(SolutionItems) = preProject
		tests\OLT.AspNetCore.Serilog.Tests\Directory.Build.props = tests\OLT.AspNetCore.Serilog.Tests\Directory.Build.props
	EndProjectSection
EndProject
Global
	GlobalSection(SolutionConfigurationPlatforms) = preSolution
		Debug|Any CPU = Debug|Any CPU
		Release|Any CPU = Release|Any CPU
	EndGlobalSection
	GlobalSection(ProjectConfigurationPlatforms) = postSolution
		{545BCC71-DBCB-4943-8E23-6C82A16B624B}.Debug|Any CPU.ActiveCfg = Debug|Any CPU
		{545BCC71-DBCB-4943-8E23-6C82A16B624B}.Debug|Any CPU.Build.0 = Debug|Any CPU
		{545BCC71-DBCB-4943-8E23-6C82A16B624B}.Release|Any CPU.ActiveCfg = Release|Any CPU
		{545BCC71-DBCB-4943-8E23-6C82A16B624B}.Release|Any CPU.Build.0 = Release|Any CPU
		{D74F7A17-B8D1-41A8-854E-556659696DB7}.Debug|Any CPU.ActiveCfg = Debug|Any CPU
		{D74F7A17-B8D1-41A8-854E-556659696DB7}.Debug|Any CPU.Build.0 = Debug|Any CPU
		{D74F7A17-B8D1-41A8-854E-556659696DB7}.Release|Any CPU.ActiveCfg = Release|Any CPU
		{D74F7A17-B8D1-41A8-854E-556659696DB7}.Release|Any CPU.Build.0 = Release|Any CPU
		{9440CDFD-7A66-4EEB-9BDB-4CB4537CAC49}.Debug|Any CPU.ActiveCfg = Debug|Any CPU
		{9440CDFD-7A66-4EEB-9BDB-4CB4537CAC49}.Debug|Any CPU.Build.0 = Debug|Any CPU
		{9440CDFD-7A66-4EEB-9BDB-4CB4537CAC49}.Release|Any CPU.ActiveCfg = Release|Any CPU
		{9440CDFD-7A66-4EEB-9BDB-4CB4537CAC49}.Release|Any CPU.Build.0 = Release|Any CPU
		{5BE2A5C9-48D0-4969-BF19-6F8B29A784E3}.Debug|Any CPU.ActiveCfg = Debug|Any CPU
		{5BE2A5C9-48D0-4969-BF19-6F8B29A784E3}.Debug|Any CPU.Build.0 = Debug|Any CPU
		{5BE2A5C9-48D0-4969-BF19-6F8B29A784E3}.Release|Any CPU.ActiveCfg = Release|Any CPU
		{5BE2A5C9-48D0-4969-BF19-6F8B29A784E3}.Release|Any CPU.Build.0 = Release|Any CPU
		{3B677756-5F7F-41D7-97E2-3DC91C641E32}.Debug|Any CPU.ActiveCfg = Debug|Any CPU
		{3B677756-5F7F-41D7-97E2-3DC91C641E32}.Debug|Any CPU.Build.0 = Debug|Any CPU
		{3B677756-5F7F-41D7-97E2-3DC91C641E32}.Release|Any CPU.ActiveCfg = Release|Any CPU
		{3B677756-5F7F-41D7-97E2-3DC91C641E32}.Release|Any CPU.Build.0 = Release|Any CPU
		{15400B99-351E-4BA4-AFD1-4573E7964062}.Debug|Any CPU.ActiveCfg = Debug|Any CPU
		{15400B99-351E-4BA4-AFD1-4573E7964062}.Debug|Any CPU.Build.0 = Debug|Any CPU
		{15400B99-351E-4BA4-AFD1-4573E7964062}.Release|Any CPU.ActiveCfg = Release|Any CPU
		{15400B99-351E-4BA4-AFD1-4573E7964062}.Release|Any CPU.Build.0 = Release|Any CPU
		{7F97B7F2-7326-48CD-B194-A2CCCCE0FEB1}.Debug|Any CPU.ActiveCfg = Debug|Any CPU
		{7F97B7F2-7326-48CD-B194-A2CCCCE0FEB1}.Debug|Any CPU.Build.0 = Debug|Any CPU
		{7F97B7F2-7326-48CD-B194-A2CCCCE0FEB1}.Release|Any CPU.ActiveCfg = Release|Any CPU
		{7F97B7F2-7326-48CD-B194-A2CCCCE0FEB1}.Release|Any CPU.Build.0 = Release|Any CPU
		{2343A430-E543-4B63-9E8A-057D70EE4358}.Debug|Any CPU.ActiveCfg = Debug|Any CPU
		{2343A430-E543-4B63-9E8A-057D70EE4358}.Debug|Any CPU.Build.0 = Debug|Any CPU
		{2343A430-E543-4B63-9E8A-057D70EE4358}.Release|Any CPU.ActiveCfg = Release|Any CPU
		{2343A430-E543-4B63-9E8A-057D70EE4358}.Release|Any CPU.Build.0 = Release|Any CPU
		{457516F5-F3A0-4766-9E51-8AEF130583C6}.Debug|Any CPU.ActiveCfg = Debug|Any CPU
		{457516F5-F3A0-4766-9E51-8AEF130583C6}.Debug|Any CPU.Build.0 = Debug|Any CPU
		{457516F5-F3A0-4766-9E51-8AEF130583C6}.Release|Any CPU.ActiveCfg = Release|Any CPU
		{457516F5-F3A0-4766-9E51-8AEF130583C6}.Release|Any CPU.Build.0 = Release|Any CPU
		{8D565205-734D-49AD-A7B9-3F791E6C3ABC}.Debug|Any CPU.ActiveCfg = Debug|Any CPU
		{8D565205-734D-49AD-A7B9-3F791E6C3ABC}.Debug|Any CPU.Build.0 = Debug|Any CPU
		{8D565205-734D-49AD-A7B9-3F791E6C3ABC}.Release|Any CPU.ActiveCfg = Release|Any CPU
		{8D565205-734D-49AD-A7B9-3F791E6C3ABC}.Release|Any CPU.Build.0 = Release|Any CPU
		{F9C2DFD4-CC77-4211-97B0-80D50AD57998}.Debug|Any CPU.ActiveCfg = Debug|Any CPU
		{F9C2DFD4-CC77-4211-97B0-80D50AD57998}.Debug|Any CPU.Build.0 = Debug|Any CPU
		{F9C2DFD4-CC77-4211-97B0-80D50AD57998}.Release|Any CPU.ActiveCfg = Release|Any CPU
		{F9C2DFD4-CC77-4211-97B0-80D50AD57998}.Release|Any CPU.Build.0 = Release|Any CPU
		{90D4F277-E7B2-4062-A77B-AB12EE1E079F}.Debug|Any CPU.ActiveCfg = Debug|Any CPU
		{90D4F277-E7B2-4062-A77B-AB12EE1E079F}.Debug|Any CPU.Build.0 = Debug|Any CPU
		{90D4F277-E7B2-4062-A77B-AB12EE1E079F}.Release|Any CPU.ActiveCfg = Release|Any CPU
		{90D4F277-E7B2-4062-A77B-AB12EE1E079F}.Release|Any CPU.Build.0 = Release|Any CPU
		{F31356F8-FF23-4AC6-AD91-9D07714CFB3B}.Debug|Any CPU.ActiveCfg = Debug|Any CPU
		{F31356F8-FF23-4AC6-AD91-9D07714CFB3B}.Debug|Any CPU.Build.0 = Debug|Any CPU
		{F31356F8-FF23-4AC6-AD91-9D07714CFB3B}.Release|Any CPU.ActiveCfg = Release|Any CPU
		{F31356F8-FF23-4AC6-AD91-9D07714CFB3B}.Release|Any CPU.Build.0 = Release|Any CPU
		{E4159819-4EE1-4590-8906-950C87B95F57}.Debug|Any CPU.ActiveCfg = Debug|Any CPU
		{E4159819-4EE1-4590-8906-950C87B95F57}.Debug|Any CPU.Build.0 = Debug|Any CPU
		{E4159819-4EE1-4590-8906-950C87B95F57}.Release|Any CPU.ActiveCfg = Release|Any CPU
		{E4159819-4EE1-4590-8906-950C87B95F57}.Release|Any CPU.Build.0 = Release|Any CPU
		{07D849D0-2A73-40FD-BE60-5A7366B7E88B}.Debug|Any CPU.ActiveCfg = Debug|Any CPU
		{07D849D0-2A73-40FD-BE60-5A7366B7E88B}.Debug|Any CPU.Build.0 = Debug|Any CPU
		{07D849D0-2A73-40FD-BE60-5A7366B7E88B}.Release|Any CPU.ActiveCfg = Release|Any CPU
		{07D849D0-2A73-40FD-BE60-5A7366B7E88B}.Release|Any CPU.Build.0 = Release|Any CPU
		{B5104E84-B77C-4644-8015-183E379A8CC9}.Debug|Any CPU.ActiveCfg = Debug|Any CPU
		{B5104E84-B77C-4644-8015-183E379A8CC9}.Debug|Any CPU.Build.0 = Debug|Any CPU
		{B5104E84-B77C-4644-8015-183E379A8CC9}.Release|Any CPU.ActiveCfg = Release|Any CPU
		{B5104E84-B77C-4644-8015-183E379A8CC9}.Release|Any CPU.Build.0 = Release|Any CPU
		{236EE3C9-90FC-403F-BB53-69522303C8F4}.Debug|Any CPU.ActiveCfg = Debug|Any CPU
		{236EE3C9-90FC-403F-BB53-69522303C8F4}.Debug|Any CPU.Build.0 = Debug|Any CPU
		{236EE3C9-90FC-403F-BB53-69522303C8F4}.Release|Any CPU.ActiveCfg = Release|Any CPU
		{236EE3C9-90FC-403F-BB53-69522303C8F4}.Release|Any CPU.Build.0 = Release|Any CPU
		{43A16CE6-ABAE-4D8C-9682-0339703C9590}.Debug|Any CPU.ActiveCfg = Debug|Any CPU
		{43A16CE6-ABAE-4D8C-9682-0339703C9590}.Debug|Any CPU.Build.0 = Debug|Any CPU
		{43A16CE6-ABAE-4D8C-9682-0339703C9590}.Release|Any CPU.ActiveCfg = Release|Any CPU
		{43A16CE6-ABAE-4D8C-9682-0339703C9590}.Release|Any CPU.Build.0 = Release|Any CPU
		{D98AFC07-7D80-47CD-9567-074D017C2C59}.Debug|Any CPU.ActiveCfg = Debug|Any CPU
		{D98AFC07-7D80-47CD-9567-074D017C2C59}.Debug|Any CPU.Build.0 = Debug|Any CPU
		{D98AFC07-7D80-47CD-9567-074D017C2C59}.Release|Any CPU.ActiveCfg = Release|Any CPU
		{D98AFC07-7D80-47CD-9567-074D017C2C59}.Release|Any CPU.Build.0 = Release|Any CPU
		{1ECFB969-C4A7-4C17-AEDE-6263E779F56B}.Debug|Any CPU.ActiveCfg = Debug|Any CPU
		{1ECFB969-C4A7-4C17-AEDE-6263E779F56B}.Debug|Any CPU.Build.0 = Debug|Any CPU
		{1ECFB969-C4A7-4C17-AEDE-6263E779F56B}.Release|Any CPU.ActiveCfg = Release|Any CPU
		{1ECFB969-C4A7-4C17-AEDE-6263E779F56B}.Release|Any CPU.Build.0 = Release|Any CPU
		{EE27DC10-5995-449F-B00F-E6A24E8B4AE5}.Debug|Any CPU.ActiveCfg = Debug|Any CPU
		{EE27DC10-5995-449F-B00F-E6A24E8B4AE5}.Debug|Any CPU.Build.0 = Debug|Any CPU
		{EE27DC10-5995-449F-B00F-E6A24E8B4AE5}.Release|Any CPU.ActiveCfg = Release|Any CPU
		{EE27DC10-5995-449F-B00F-E6A24E8B4AE5}.Release|Any CPU.Build.0 = Release|Any CPU
		{DAEA1039-9C3A-4974-BBF4-35BA13857753}.Debug|Any CPU.ActiveCfg = Debug|Any CPU
		{DAEA1039-9C3A-4974-BBF4-35BA13857753}.Debug|Any CPU.Build.0 = Debug|Any CPU
		{DAEA1039-9C3A-4974-BBF4-35BA13857753}.Release|Any CPU.ActiveCfg = Release|Any CPU
		{DAEA1039-9C3A-4974-BBF4-35BA13857753}.Release|Any CPU.Build.0 = Release|Any CPU
		{F7464890-EF2E-48CF-9EA0-3FED39757135}.Debug|Any CPU.ActiveCfg = Debug|Any CPU
		{F7464890-EF2E-48CF-9EA0-3FED39757135}.Debug|Any CPU.Build.0 = Debug|Any CPU
		{F7464890-EF2E-48CF-9EA0-3FED39757135}.Release|Any CPU.ActiveCfg = Release|Any CPU
		{F7464890-EF2E-48CF-9EA0-3FED39757135}.Release|Any CPU.Build.0 = Release|Any CPU
		{0702BD9A-4F7E-4017-9C02-47037B0818F0}.Debug|Any CPU.ActiveCfg = Debug|Any CPU
		{0702BD9A-4F7E-4017-9C02-47037B0818F0}.Debug|Any CPU.Build.0 = Debug|Any CPU
		{0702BD9A-4F7E-4017-9C02-47037B0818F0}.Release|Any CPU.ActiveCfg = Release|Any CPU
		{0702BD9A-4F7E-4017-9C02-47037B0818F0}.Release|Any CPU.Build.0 = Release|Any CPU
		{BCC320B4-3E58-4C33-B22F-EFEAA620F546}.Debug|Any CPU.ActiveCfg = Debug|Any CPU
		{BCC320B4-3E58-4C33-B22F-EFEAA620F546}.Debug|Any CPU.Build.0 = Debug|Any CPU
		{BCC320B4-3E58-4C33-B22F-EFEAA620F546}.Release|Any CPU.ActiveCfg = Release|Any CPU
		{BCC320B4-3E58-4C33-B22F-EFEAA620F546}.Release|Any CPU.Build.0 = Release|Any CPU
		{5BCF1998-1517-461E-83BA-1C4E86CC401C}.Debug|Any CPU.ActiveCfg = Debug|Any CPU
		{5BCF1998-1517-461E-83BA-1C4E86CC401C}.Debug|Any CPU.Build.0 = Debug|Any CPU
		{5BCF1998-1517-461E-83BA-1C4E86CC401C}.Release|Any CPU.ActiveCfg = Release|Any CPU
		{5BCF1998-1517-461E-83BA-1C4E86CC401C}.Release|Any CPU.Build.0 = Release|Any CPU
		{E6E490C0-E910-4307-A405-24358BBF5714}.Debug|Any CPU.ActiveCfg = Debug|Any CPU
		{E6E490C0-E910-4307-A405-24358BBF5714}.Debug|Any CPU.Build.0 = Debug|Any CPU
		{E6E490C0-E910-4307-A405-24358BBF5714}.Release|Any CPU.ActiveCfg = Release|Any CPU
		{E6E490C0-E910-4307-A405-24358BBF5714}.Release|Any CPU.Build.0 = Release|Any CPU
		{1267480B-259E-4E4F-A2CB-69844826088D}.Debug|Any CPU.ActiveCfg = Debug|Any CPU
		{1267480B-259E-4E4F-A2CB-69844826088D}.Debug|Any CPU.Build.0 = Debug|Any CPU
		{1267480B-259E-4E4F-A2CB-69844826088D}.Release|Any CPU.ActiveCfg = Release|Any CPU
		{1267480B-259E-4E4F-A2CB-69844826088D}.Release|Any CPU.Build.0 = Release|Any CPU
		{FF763B05-00F3-4D3B-A5AC-773A0351143B}.Debug|Any CPU.ActiveCfg = Debug|Any CPU
		{FF763B05-00F3-4D3B-A5AC-773A0351143B}.Debug|Any CPU.Build.0 = Debug|Any CPU
		{FF763B05-00F3-4D3B-A5AC-773A0351143B}.Release|Any CPU.ActiveCfg = Release|Any CPU
		{FF763B05-00F3-4D3B-A5AC-773A0351143B}.Release|Any CPU.Build.0 = Release|Any CPU
		{42477CF1-68B7-4EA8-B3CF-FD81A4EB9532}.Debug|Any CPU.ActiveCfg = Debug|Any CPU
		{42477CF1-68B7-4EA8-B3CF-FD81A4EB9532}.Debug|Any CPU.Build.0 = Debug|Any CPU
		{42477CF1-68B7-4EA8-B3CF-FD81A4EB9532}.Release|Any CPU.ActiveCfg = Release|Any CPU
		{42477CF1-68B7-4EA8-B3CF-FD81A4EB9532}.Release|Any CPU.Build.0 = Release|Any CPU
		{D42DD1C7-055E-4DE9-B674-E0BB113A0996}.Debug|Any CPU.ActiveCfg = Debug|Any CPU
		{D42DD1C7-055E-4DE9-B674-E0BB113A0996}.Debug|Any CPU.Build.0 = Debug|Any CPU
		{D42DD1C7-055E-4DE9-B674-E0BB113A0996}.Release|Any CPU.ActiveCfg = Release|Any CPU
		{D42DD1C7-055E-4DE9-B674-E0BB113A0996}.Release|Any CPU.Build.0 = Release|Any CPU
		{043F2D15-646E-4541-9995-E85C93A6896D}.Debug|Any CPU.ActiveCfg = Debug|Any CPU
		{043F2D15-646E-4541-9995-E85C93A6896D}.Debug|Any CPU.Build.0 = Debug|Any CPU
		{043F2D15-646E-4541-9995-E85C93A6896D}.Release|Any CPU.ActiveCfg = Release|Any CPU
		{043F2D15-646E-4541-9995-E85C93A6896D}.Release|Any CPU.Build.0 = Release|Any CPU
		{391B2EDF-30C7-44C1-AAC8-582F45FDCD6C}.Debug|Any CPU.ActiveCfg = Debug|Any CPU
		{391B2EDF-30C7-44C1-AAC8-582F45FDCD6C}.Debug|Any CPU.Build.0 = Debug|Any CPU
		{391B2EDF-30C7-44C1-AAC8-582F45FDCD6C}.Release|Any CPU.ActiveCfg = Release|Any CPU
		{391B2EDF-30C7-44C1-AAC8-582F45FDCD6C}.Release|Any CPU.Build.0 = Release|Any CPU
		{526FA222-2F9F-4BD1-91D9-34F0FBAA7C57}.Debug|Any CPU.ActiveCfg = Debug|Any CPU
		{526FA222-2F9F-4BD1-91D9-34F0FBAA7C57}.Debug|Any CPU.Build.0 = Debug|Any CPU
		{526FA222-2F9F-4BD1-91D9-34F0FBAA7C57}.Release|Any CPU.ActiveCfg = Release|Any CPU
		{526FA222-2F9F-4BD1-91D9-34F0FBAA7C57}.Release|Any CPU.Build.0 = Release|Any CPU
		{96A89741-4C91-4561-9A14-F39647455A24}.Debug|Any CPU.ActiveCfg = Debug|Any CPU
		{96A89741-4C91-4561-9A14-F39647455A24}.Debug|Any CPU.Build.0 = Debug|Any CPU
		{96A89741-4C91-4561-9A14-F39647455A24}.Release|Any CPU.ActiveCfg = Release|Any CPU
		{96A89741-4C91-4561-9A14-F39647455A24}.Release|Any CPU.Build.0 = Release|Any CPU
		{7B9E9331-5FA2-4C2F-AC00-4EFBA3CAA23A}.Debug|Any CPU.ActiveCfg = Debug|Any CPU
		{7B9E9331-5FA2-4C2F-AC00-4EFBA3CAA23A}.Debug|Any CPU.Build.0 = Debug|Any CPU
		{7B9E9331-5FA2-4C2F-AC00-4EFBA3CAA23A}.Release|Any CPU.ActiveCfg = Release|Any CPU
		{7B9E9331-5FA2-4C2F-AC00-4EFBA3CAA23A}.Release|Any CPU.Build.0 = Release|Any CPU
		{E8C96D38-BB09-4B83-B118-F499B84053FD}.Debug|Any CPU.ActiveCfg = Debug|Any CPU
		{E8C96D38-BB09-4B83-B118-F499B84053FD}.Debug|Any CPU.Build.0 = Debug|Any CPU
		{E8C96D38-BB09-4B83-B118-F499B84053FD}.Release|Any CPU.ActiveCfg = Release|Any CPU
		{E8C96D38-BB09-4B83-B118-F499B84053FD}.Release|Any CPU.Build.0 = Release|Any CPU
		{FB41956D-D860-4694-84A0-DBDD0137D9EE}.Debug|Any CPU.ActiveCfg = Debug|Any CPU
		{FB41956D-D860-4694-84A0-DBDD0137D9EE}.Debug|Any CPU.Build.0 = Debug|Any CPU
		{FB41956D-D860-4694-84A0-DBDD0137D9EE}.Release|Any CPU.ActiveCfg = Release|Any CPU
		{FB41956D-D860-4694-84A0-DBDD0137D9EE}.Release|Any CPU.Build.0 = Release|Any CPU
		{005CE032-54C6-40B6-9E34-D147152CDC16}.Debug|Any CPU.ActiveCfg = Debug|Any CPU
		{005CE032-54C6-40B6-9E34-D147152CDC16}.Debug|Any CPU.Build.0 = Debug|Any CPU
		{005CE032-54C6-40B6-9E34-D147152CDC16}.Release|Any CPU.ActiveCfg = Release|Any CPU
		{005CE032-54C6-40B6-9E34-D147152CDC16}.Release|Any CPU.Build.0 = Release|Any CPU
		{BC57161D-F7B7-4064-B18B-B06806566694}.Debug|Any CPU.ActiveCfg = Debug|Any CPU
		{BC57161D-F7B7-4064-B18B-B06806566694}.Debug|Any CPU.Build.0 = Debug|Any CPU
		{BC57161D-F7B7-4064-B18B-B06806566694}.Release|Any CPU.ActiveCfg = Release|Any CPU
		{BC57161D-F7B7-4064-B18B-B06806566694}.Release|Any CPU.Build.0 = Release|Any CPU
		{ECECC7CF-F522-4E35-A0E6-E9CFD062DA9A}.Debug|Any CPU.ActiveCfg = Debug|Any CPU
		{ECECC7CF-F522-4E35-A0E6-E9CFD062DA9A}.Debug|Any CPU.Build.0 = Debug|Any CPU
		{ECECC7CF-F522-4E35-A0E6-E9CFD062DA9A}.Release|Any CPU.ActiveCfg = Release|Any CPU
		{ECECC7CF-F522-4E35-A0E6-E9CFD062DA9A}.Release|Any CPU.Build.0 = Release|Any CPU
		{FD9429BA-4A7F-4B74-BC08-4C728F1F30FC}.Debug|Any CPU.ActiveCfg = Debug|Any CPU
		{FD9429BA-4A7F-4B74-BC08-4C728F1F30FC}.Debug|Any CPU.Build.0 = Debug|Any CPU
		{FD9429BA-4A7F-4B74-BC08-4C728F1F30FC}.Release|Any CPU.ActiveCfg = Release|Any CPU
		{FD9429BA-4A7F-4B74-BC08-4C728F1F30FC}.Release|Any CPU.Build.0 = Release|Any CPU
		{E3C1C321-E965-4D6D-BD69-353BABB7A1F2}.Debug|Any CPU.ActiveCfg = Debug|Any CPU
		{E3C1C321-E965-4D6D-BD69-353BABB7A1F2}.Debug|Any CPU.Build.0 = Debug|Any CPU
		{E3C1C321-E965-4D6D-BD69-353BABB7A1F2}.Release|Any CPU.ActiveCfg = Release|Any CPU
		{E3C1C321-E965-4D6D-BD69-353BABB7A1F2}.Release|Any CPU.Build.0 = Release|Any CPU
		{47C4EBD0-8E3A-4FF9-A8AC-C43DB2B5A6FD}.Debug|Any CPU.ActiveCfg = Debug|Any CPU
		{47C4EBD0-8E3A-4FF9-A8AC-C43DB2B5A6FD}.Debug|Any CPU.Build.0 = Debug|Any CPU
		{47C4EBD0-8E3A-4FF9-A8AC-C43DB2B5A6FD}.Release|Any CPU.ActiveCfg = Release|Any CPU
		{47C4EBD0-8E3A-4FF9-A8AC-C43DB2B5A6FD}.Release|Any CPU.Build.0 = Release|Any CPU
		{7F206CC5-22EE-45B4-AB0E-4ECD05C8FDAA}.Debug|Any CPU.ActiveCfg = Debug|Any CPU
		{7F206CC5-22EE-45B4-AB0E-4ECD05C8FDAA}.Debug|Any CPU.Build.0 = Debug|Any CPU
		{7F206CC5-22EE-45B4-AB0E-4ECD05C8FDAA}.Release|Any CPU.ActiveCfg = Release|Any CPU
		{7F206CC5-22EE-45B4-AB0E-4ECD05C8FDAA}.Release|Any CPU.Build.0 = Release|Any CPU
		{E70BCBEB-164C-4163-BD50-A723A3BD2E38}.Debug|Any CPU.ActiveCfg = Debug|Any CPU
		{E70BCBEB-164C-4163-BD50-A723A3BD2E38}.Debug|Any CPU.Build.0 = Debug|Any CPU
		{E70BCBEB-164C-4163-BD50-A723A3BD2E38}.Release|Any CPU.ActiveCfg = Release|Any CPU
		{E70BCBEB-164C-4163-BD50-A723A3BD2E38}.Release|Any CPU.Build.0 = Release|Any CPU
		{BBA37A7A-9A00-4796-B2C9-154AA3596779}.Debug|Any CPU.ActiveCfg = Debug|Any CPU
		{BBA37A7A-9A00-4796-B2C9-154AA3596779}.Debug|Any CPU.Build.0 = Debug|Any CPU
		{BBA37A7A-9A00-4796-B2C9-154AA3596779}.Release|Any CPU.ActiveCfg = Release|Any CPU
		{BBA37A7A-9A00-4796-B2C9-154AA3596779}.Release|Any CPU.Build.0 = Release|Any CPU
		{284F8CE5-CB80-4D5B-8220-CA7EEA8231C1}.Debug|Any CPU.ActiveCfg = Debug|Any CPU
		{284F8CE5-CB80-4D5B-8220-CA7EEA8231C1}.Debug|Any CPU.Build.0 = Debug|Any CPU
		{284F8CE5-CB80-4D5B-8220-CA7EEA8231C1}.Release|Any CPU.ActiveCfg = Release|Any CPU
		{284F8CE5-CB80-4D5B-8220-CA7EEA8231C1}.Release|Any CPU.Build.0 = Release|Any CPU
		{D31F71E7-B539-44BE-AAB2-15A44494EB1B}.Debug|Any CPU.ActiveCfg = Debug|Any CPU
		{D31F71E7-B539-44BE-AAB2-15A44494EB1B}.Debug|Any CPU.Build.0 = Debug|Any CPU
		{D31F71E7-B539-44BE-AAB2-15A44494EB1B}.Release|Any CPU.ActiveCfg = Release|Any CPU
		{D31F71E7-B539-44BE-AAB2-15A44494EB1B}.Release|Any CPU.Build.0 = Release|Any CPU
		{F3859362-D168-499C-B363-4F5BCFC22A6E}.Debug|Any CPU.ActiveCfg = Debug|Any CPU
		{F3859362-D168-499C-B363-4F5BCFC22A6E}.Debug|Any CPU.Build.0 = Debug|Any CPU
		{F3859362-D168-499C-B363-4F5BCFC22A6E}.Release|Any CPU.ActiveCfg = Release|Any CPU
		{F3859362-D168-499C-B363-4F5BCFC22A6E}.Release|Any CPU.Build.0 = Release|Any CPU
		{4F3D19FD-215F-44B5-A483-E9FC1E1C6B44}.Debug|Any CPU.ActiveCfg = Debug|Any CPU
		{4F3D19FD-215F-44B5-A483-E9FC1E1C6B44}.Debug|Any CPU.Build.0 = Debug|Any CPU
		{4F3D19FD-215F-44B5-A483-E9FC1E1C6B44}.Release|Any CPU.ActiveCfg = Release|Any CPU
		{4F3D19FD-215F-44B5-A483-E9FC1E1C6B44}.Release|Any CPU.Build.0 = Release|Any CPU
		{B16C1621-F346-44F6-A1F3-57CEC82B932D}.Debug|Any CPU.ActiveCfg = Debug|Any CPU
		{B16C1621-F346-44F6-A1F3-57CEC82B932D}.Debug|Any CPU.Build.0 = Debug|Any CPU
		{B16C1621-F346-44F6-A1F3-57CEC82B932D}.Release|Any CPU.ActiveCfg = Release|Any CPU
		{B16C1621-F346-44F6-A1F3-57CEC82B932D}.Release|Any CPU.Build.0 = Release|Any CPU
		{925E0657-3152-4E8A-82F5-54C07F2CAC7F}.Debug|Any CPU.ActiveCfg = Debug|Any CPU
		{925E0657-3152-4E8A-82F5-54C07F2CAC7F}.Debug|Any CPU.Build.0 = Debug|Any CPU
		{925E0657-3152-4E8A-82F5-54C07F2CAC7F}.Release|Any CPU.ActiveCfg = Release|Any CPU
		{925E0657-3152-4E8A-82F5-54C07F2CAC7F}.Release|Any CPU.Build.0 = Release|Any CPU
		{BD483077-31DD-475F-8500-F7D7D3E21368}.Debug|Any CPU.ActiveCfg = Debug|Any CPU
		{BD483077-31DD-475F-8500-F7D7D3E21368}.Debug|Any CPU.Build.0 = Debug|Any CPU
		{BD483077-31DD-475F-8500-F7D7D3E21368}.Release|Any CPU.ActiveCfg = Release|Any CPU
		{BD483077-31DD-475F-8500-F7D7D3E21368}.Release|Any CPU.Build.0 = Release|Any CPU
		{50B4F6FB-D4EB-415E-AC80-8A6CEAF48876}.Debug|Any CPU.ActiveCfg = Debug|Any CPU
		{50B4F6FB-D4EB-415E-AC80-8A6CEAF48876}.Debug|Any CPU.Build.0 = Debug|Any CPU
		{50B4F6FB-D4EB-415E-AC80-8A6CEAF48876}.Release|Any CPU.ActiveCfg = Release|Any CPU
		{50B4F6FB-D4EB-415E-AC80-8A6CEAF48876}.Release|Any CPU.Build.0 = Release|Any CPU
		{E84AEAE7-F1C7-417B-8F4B-16B6E516057B}.Debug|Any CPU.ActiveCfg = Debug|Any CPU
		{E84AEAE7-F1C7-417B-8F4B-16B6E516057B}.Debug|Any CPU.Build.0 = Debug|Any CPU
		{E84AEAE7-F1C7-417B-8F4B-16B6E516057B}.Release|Any CPU.ActiveCfg = Release|Any CPU
		{E84AEAE7-F1C7-417B-8F4B-16B6E516057B}.Release|Any CPU.Build.0 = Release|Any CPU
		{BACC3A7F-559E-4B3A-A9AB-27241A68FD59}.Debug|Any CPU.ActiveCfg = Debug|Any CPU
		{BACC3A7F-559E-4B3A-A9AB-27241A68FD59}.Debug|Any CPU.Build.0 = Debug|Any CPU
		{BACC3A7F-559E-4B3A-A9AB-27241A68FD59}.Release|Any CPU.ActiveCfg = Release|Any CPU
		{BACC3A7F-559E-4B3A-A9AB-27241A68FD59}.Release|Any CPU.Build.0 = Release|Any CPU
	EndGlobalSection
	GlobalSection(SolutionProperties) = preSolution
		HideSolutionNode = FALSE
	EndGlobalSection
	GlobalSection(NestedProjects) = preSolution
		{545BCC71-DBCB-4943-8E23-6C82A16B624B} = {47CD24FC-21E0-4840-A056-6C147B8E1131}
		{D74F7A17-B8D1-41A8-854E-556659696DB7} = {47CD24FC-21E0-4840-A056-6C147B8E1131}
		{9440CDFD-7A66-4EEB-9BDB-4CB4537CAC49} = {4812A791-0A74-44F5-AA37-448BD5383F53}
		{5BE2A5C9-48D0-4969-BF19-6F8B29A784E3} = {4812A791-0A74-44F5-AA37-448BD5383F53}
		{852E34DC-7032-4B07-A1DF-DF134238C6C8} = {FC12AA4E-E1A3-4893-95F0-2230525468F2}
		{3B677756-5F7F-41D7-97E2-3DC91C641E32} = {852E34DC-7032-4B07-A1DF-DF134238C6C8}
		{75F93E18-EE36-458E-A8B4-79F97B56C9FB} = {FC12AA4E-E1A3-4893-95F0-2230525468F2}
		{15400B99-351E-4BA4-AFD1-4573E7964062} = {75F93E18-EE36-458E-A8B4-79F97B56C9FB}
		{7F97B7F2-7326-48CD-B194-A2CCCCE0FEB1} = {852E34DC-7032-4B07-A1DF-DF134238C6C8}
		{2343A430-E543-4B63-9E8A-057D70EE4358} = {9E65BAB1-3581-46E9-BB80-E518A9552167}
		{457516F5-F3A0-4766-9E51-8AEF130583C6} = {9E65BAB1-3581-46E9-BB80-E518A9552167}
		{8D565205-734D-49AD-A7B9-3F791E6C3ABC} = {9E65BAB1-3581-46E9-BB80-E518A9552167}
		{9E65BAB1-3581-46E9-BB80-E518A9552167} = {75F93E18-EE36-458E-A8B4-79F97B56C9FB}
		{F9C2DFD4-CC77-4211-97B0-80D50AD57998} = {9E65BAB1-3581-46E9-BB80-E518A9552167}
		{90D4F277-E7B2-4062-A77B-AB12EE1E079F} = {9E65BAB1-3581-46E9-BB80-E518A9552167}
		{F31356F8-FF23-4AC6-AD91-9D07714CFB3B} = {9E65BAB1-3581-46E9-BB80-E518A9552167}
		{E4159819-4EE1-4590-8906-950C87B95F57} = {9E65BAB1-3581-46E9-BB80-E518A9552167}
		{07D849D0-2A73-40FD-BE60-5A7366B7E88B} = {58D33CE1-FB7F-4ACE-AF22-88F72F72C3DD}
		{B5104E84-B77C-4644-8015-183E379A8CC9} = {58D33CE1-FB7F-4ACE-AF22-88F72F72C3DD}
		{DA1ABDAB-8B14-4FE9-8D2E-F0C11B6F8BFD} = {B1C128D8-1AD5-4712-92F7-92FC7B3C4DD9}
		{236EE3C9-90FC-403F-BB53-69522303C8F4} = {DA1ABDAB-8B14-4FE9-8D2E-F0C11B6F8BFD}
		{E0AD6097-897A-47D0-B615-780E364FA5F2} = {B1C128D8-1AD5-4712-92F7-92FC7B3C4DD9}
		{43A16CE6-ABAE-4D8C-9682-0339703C9590} = {E0AD6097-897A-47D0-B615-780E364FA5F2}
		{D98AFC07-7D80-47CD-9567-074D017C2C59} = {33BD7C3F-51C6-4EC9-9E51-17EC78EDB91E}
		{1ECFB969-C4A7-4C17-AEDE-6263E779F56B} = {286D6206-6E71-4414-AA18-DA8F4BB3C1C0}
		{EE27DC10-5995-449F-B00F-E6A24E8B4AE5} = {286D6206-6E71-4414-AA18-DA8F4BB3C1C0}
		{DAEA1039-9C3A-4974-BBF4-35BA13857753} = {33BD7C3F-51C6-4EC9-9E51-17EC78EDB91E}
		{64D25B40-3F90-45D2-B35B-DB9379965BBC} = {FC12AA4E-E1A3-4893-95F0-2230525468F2}
		{F7464890-EF2E-48CF-9EA0-3FED39757135} = {64D25B40-3F90-45D2-B35B-DB9379965BBC}
		{0702BD9A-4F7E-4017-9C02-47037B0818F0} = {64D25B40-3F90-45D2-B35B-DB9379965BBC}
		{BCC320B4-3E58-4C33-B22F-EFEAA620F546} = {286D6206-6E71-4414-AA18-DA8F4BB3C1C0}
		{5BCF1998-1517-461E-83BA-1C4E86CC401C} = {286D6206-6E71-4414-AA18-DA8F4BB3C1C0}
		{E6E490C0-E910-4307-A405-24358BBF5714} = {4812A791-0A74-44F5-AA37-448BD5383F53}
		{1267480B-259E-4E4F-A2CB-69844826088D} = {5283590F-599E-4FD4-A2AC-8E142C99E9C5}
		{FF763B05-00F3-4D3B-A5AC-773A0351143B} = {5283590F-599E-4FD4-A2AC-8E142C99E9C5}
		{42477CF1-68B7-4EA8-B3CF-FD81A4EB9532} = {5283590F-599E-4FD4-A2AC-8E142C99E9C5}
		{D42DD1C7-055E-4DE9-B674-E0BB113A0996} = {58D33CE1-FB7F-4ACE-AF22-88F72F72C3DD}
		{043F2D15-646E-4541-9995-E85C93A6896D} = {79FEE994-9D2D-43C1-A223-11078DB0F617}
		{391B2EDF-30C7-44C1-AAC8-582F45FDCD6C} = {79FEE994-9D2D-43C1-A223-11078DB0F617}
		{3D90FC9A-8A2E-4870-BC52-3193FEE45FE4} = {01D6B209-8AC6-4BC6-B2EB-5010CE304DEB}
		{526FA222-2F9F-4BD1-91D9-34F0FBAA7C57} = {79FEE994-9D2D-43C1-A223-11078DB0F617}
		{96A89741-4C91-4561-9A14-F39647455A24} = {0023661F-809B-40D0-9A5A-514B14CB7984}
		{7B9E9331-5FA2-4C2F-AC00-4EFBA3CAA23A} = {0023661F-809B-40D0-9A5A-514B14CB7984}
		{E8C96D38-BB09-4B83-B118-F499B84053FD} = {4812A791-0A74-44F5-AA37-448BD5383F53}
		{FB41956D-D860-4694-84A0-DBDD0137D9EE} = {0023661F-809B-40D0-9A5A-514B14CB7984}
		{005CE032-54C6-40B6-9E34-D147152CDC16} = {0023661F-809B-40D0-9A5A-514B14CB7984}
		{BC57161D-F7B7-4064-B18B-B06806566694} = {0023661F-809B-40D0-9A5A-514B14CB7984}
		{ECECC7CF-F522-4E35-A0E6-E9CFD062DA9A} = {0023661F-809B-40D0-9A5A-514B14CB7984}
		{FD9429BA-4A7F-4B74-BC08-4C728F1F30FC} = {58D33CE1-FB7F-4ACE-AF22-88F72F72C3DD}
		{E3C1C321-E965-4D6D-BD69-353BABB7A1F2} = {0023661F-809B-40D0-9A5A-514B14CB7984}
		{47C4EBD0-8E3A-4FF9-A8AC-C43DB2B5A6FD} = {E3F519D6-745C-49C8-8C03-02C70F0B205A}
		{7F206CC5-22EE-45B4-AB0E-4ECD05C8FDAA} = {4812A791-0A74-44F5-AA37-448BD5383F53}
		{E70BCBEB-164C-4163-BD50-A723A3BD2E38} = {E3F519D6-745C-49C8-8C03-02C70F0B205A}
		{BBA37A7A-9A00-4796-B2C9-154AA3596779} = {51D74B1E-DFBD-4D98-B67E-A752AB29D49C}
		{284F8CE5-CB80-4D5B-8220-CA7EEA8231C1} = {51D74B1E-DFBD-4D98-B67E-A752AB29D49C}
		{37F3E23E-DC6C-4BC9-A939-4F81B1FA5EF2} = {01D6B209-8AC6-4BC6-B2EB-5010CE304DEB}
		{D31F71E7-B539-44BE-AAB2-15A44494EB1B} = {E0AD6097-897A-47D0-B615-780E364FA5F2}
		{F3859362-D168-499C-B363-4F5BCFC22A6E} = {E0AD6097-897A-47D0-B615-780E364FA5F2}
		{4F3D19FD-215F-44B5-A483-E9FC1E1C6B44} = {E0AD6097-897A-47D0-B615-780E364FA5F2}
		{B16C1621-F346-44F6-A1F3-57CEC82B932D} = {0023661F-809B-40D0-9A5A-514B14CB7984}
		{925E0657-3152-4E8A-82F5-54C07F2CAC7F} = {0023661F-809B-40D0-9A5A-514B14CB7984}
		{BD483077-31DD-475F-8500-F7D7D3E21368} = {0023661F-809B-40D0-9A5A-514B14CB7984}
		{50B4F6FB-D4EB-415E-AC80-8A6CEAF48876} = {0023661F-809B-40D0-9A5A-514B14CB7984}
		{E84AEAE7-F1C7-417B-8F4B-16B6E516057B} = {0023661F-809B-40D0-9A5A-514B14CB7984}
		{BACC3A7F-559E-4B3A-A9AB-27241A68FD59} = {0023661F-809B-40D0-9A5A-514B14CB7984}
		{A7199FB0-3C48-43BA-BCAE-2550A1236DEE} = {9E65BAB1-3581-46E9-BB80-E518A9552167}
	EndGlobalSection
	GlobalSection(ExtensibilityGlobals) = postSolution
		SolutionGuid = {94B70EDC-6E19-4295-BFA0-9474A97DF56F}
	EndGlobalSection
EndGlobal
