
Microsoft Visual Studio Solution File, Format Version 12.00
# Visual Studio Version 17
VisualStudioVersion = 17.0.32112.339
MinimumVisualStudioVersion = 10.0.40219.1
Project("{2150E333-8FDC-42A3-9474-1A3956D46DE8}") = "OLT.Core.Common", "OLT.Core.Common", "{F78D6857-D3FF-48CF-B62C-51E893FEDF65}"
EndProject
Project("{9A19103F-16F7-4668-BE54-9A1E7A4F7556}") = "OLT.Core.Common", "src\OLT.Core.Common\OLT.Core.Common.csproj", "{C67E4CE8-86F5-4A30-B5A1-F6057E11CB8A}"
EndProject
Project("{9A19103F-16F7-4668-BE54-9A1E7A4F7556}") = "OLT.Core.Common.Tests", "tests\OLT.Core.Common.Tests\OLT.Core.Common.Tests.csproj", "{ECE9EA77-25B7-422E-A673-1C7622DE1406}"
EndProject
Project("{2150E333-8FDC-42A3-9474-1A3956D46DE8}") = "OLT.Email", "OLT.Email", "{F6D85F54-C3A1-4698-B671-1AA2B7304C32}"
EndProject
Project("{9A19103F-16F7-4668-BE54-9A1E7A4F7556}") = "OLT.Email.Tests", "tests\OLT.Email.Tests\OLT.Email.Tests.csproj", "{666033FB-83B6-4861-8EF0-B1B5C5816BFA}"
EndProject
Project("{9A19103F-16F7-4668-BE54-9A1E7A4F7556}") = "OLT.Email", "src\OLT.Email\OLT.Email.csproj", "{98759DA5-5EC5-4090-B8CE-BCE55737FE8F}"
EndProject
Project("{2150E333-8FDC-42A3-9474-1A3956D46DE8}") = "OLT.Email.SendGrid", "OLT.Email.SendGrid", "{B88D2009-30C8-4B4A-9BD3-999746786D0B}"
EndProject
Project("{9A19103F-16F7-4668-BE54-9A1E7A4F7556}") = "OLT.Email.SendGrid.Shared", "src\OLT.Email.SendGrid.Shared\OLT.Email.SendGrid.Shared.csproj", "{98D1636A-58C3-4EA5-9153-21A8699910C8}"
EndProject
Project("{9A19103F-16F7-4668-BE54-9A1E7A4F7556}") = "OLT.Email.SendGrid", "src\OLT.Email.SendGrid\OLT.Email.SendGrid.csproj", "{4253995B-2ED9-4723-AE76-3D9B1DD57852}"
EndProject
Project("{9A19103F-16F7-4668-BE54-9A1E7A4F7556}") = "OLT.Email.SendGrid.Tests", "tests\OLT.Email.SendGrid.Tests\OLT.Email.SendGrid.Tests.csproj", "{7037E517-0DAD-42BD-8372-933F98B2B638}"
EndProject
Project("{2150E333-8FDC-42A3-9474-1A3956D46DE8}") = "OLT.Extensions.General", "OLT.Extensions.General", "{47CD24FC-21E0-4840-A056-6C147B8E1131}"
EndProject
Project("{9A19103F-16F7-4668-BE54-9A1E7A4F7556}") = "OLT.Extensions.General", "src\OLT.Extensions.General\OLT.Extensions.General.csproj", "{545BCC71-DBCB-4943-8E23-6C82A16B624B}"
EndProject
Project("{9A19103F-16F7-4668-BE54-9A1E7A4F7556}") = "OLT.Extensions.General.Tests", "tests\OLT.Extensions.General.Tests\OLT.Extensions.General.Tests.csproj", "{D74F7A17-B8D1-41A8-854E-556659696DB7}"
EndProject
Project("{2150E333-8FDC-42A3-9474-1A3956D46DE8}") = "Common", "Common", "{B92AEA04-CEC7-49E8-9466-7786562629B8}"
EndProject
Project("{2150E333-8FDC-42A3-9474-1A3956D46DE8}") = "OLT.Logging.Serilog", "OLT.Logging.Serilog", "{4812A791-0A74-44F5-AA37-448BD5383F53}"
EndProject
Project("{9A19103F-16F7-4668-BE54-9A1E7A4F7556}") = "OLT.Logging.Serilog", "src\OLT.Logging.Serilog\OLT.Logging.Serilog.csproj", "{9440CDFD-7A66-4EEB-9BDB-4CB4537CAC49}"
EndProject
Project("{9A19103F-16F7-4668-BE54-9A1E7A4F7556}") = "OLT.Logging.Serilog.Tests", "tests\OLT.Logging.Serilog.Tests\OLT.Logging.Serilog.Tests.csproj", "{5BE2A5C9-48D0-4969-BF19-6F8B29A784E3}"
EndProject
Project("{2150E333-8FDC-42A3-9474-1A3956D46DE8}") = "OLT.AspNetCore", "OLT.AspNetCore", "{FC12AA4E-E1A3-4893-95F0-2230525468F2}"
EndProject
Project("{2150E333-8FDC-42A3-9474-1A3956D46DE8}") = "OLT.AspNetCore.Shared", "OLT.AspNetCore.Shared", "{062B739C-B550-4142-A56F-B2E8695A382F}"
EndProject
Project("{9A19103F-16F7-4668-BE54-9A1E7A4F7556}") = "OLT.AspNetCore.Shared", "src\OLT.AspNetCore.Shared\OLT.AspNetCore.Shared.csproj", "{5245EA23-B1E8-460F-869A-E493A9908177}"
EndProject
Project("{2150E333-8FDC-42A3-9474-1A3956D46DE8}") = "OLT.AspNetCore.Authentication.JwtBearer", "OLT.AspNetCore.Authentication.JwtBearer", "{852E34DC-7032-4B07-A1DF-DF134238C6C8}"
EndProject
Project("{2150E333-8FDC-42A3-9474-1A3956D46DE8}") = "OLT.AspNetCore.Authentication", "OLT.AspNetCore.Authentication", "{728D140A-B44A-459A-8539-2EE848F165B7}"
EndProject
Project("{9A19103F-16F7-4668-BE54-9A1E7A4F7556}") = "OLT.AspNetCore.Authentication", "src\OLT.AspNetCore.Authentication\OLT.AspNetCore.Authentication.csproj", "{68E5FD50-A4E7-43F1-859C-D080A89A1DE9}"
EndProject
Project("{9A19103F-16F7-4668-BE54-9A1E7A4F7556}") = "OLT.AspNetCore.Authentication.JwtBearer", "src\OLT.AspNetCore.Authentication.JwtBearer\OLT.AspNetCore.Authentication.JwtBearer.csproj", "{3B677756-5F7F-41D7-97E2-3DC91C641E32}"
EndProject
Project("{2150E333-8FDC-42A3-9474-1A3956D46DE8}") = "OLT.AspNetCore.Authentication.ApiKey", "OLT.AspNetCore.Authentication.ApiKey", "{8C1D463C-A5A0-4E95-9808-AE9A37741A9E}"
EndProject
Project("{9A19103F-16F7-4668-BE54-9A1E7A4F7556}") = "OLT.AspNetCore.Authentication.ApiKey", "src\OLT.AspNetCore.Authentication.ApiKey\OLT.AspNetCore.Authentication.ApiKey.csproj", "{C956A868-FF52-4A3D-B8EF-875F00F5BFC0}"
EndProject
Project("{2150E333-8FDC-42A3-9474-1A3956D46DE8}") = "OLT.AspNetCore.Serilog", "OLT.AspNetCore.Serilog", "{75F93E18-EE36-458E-A8B4-79F97B56C9FB}"
EndProject
Project("{9A19103F-16F7-4668-BE54-9A1E7A4F7556}") = "OLT.AspNetCore.Serilog", "src\OLT.AspNetCore.Serilog\OLT.AspNetCore.Serilog.csproj", "{15400B99-351E-4BA4-AFD1-4573E7964062}"
EndProject
Project("{9A19103F-16F7-4668-BE54-9A1E7A4F7556}") = "OLT.AspNetCore.Shared.Tests", "tests\OLT.AspNetCore.Shared.Tests\OLT.AspNetCore.Shared.Tests.csproj", "{B6CD9710-89EF-4633-B44B-2B8C4FE847A8}"
EndProject
Project("{9A19103F-16F7-4668-BE54-9A1E7A4F7556}") = "OLT.AspNetCore.Authentication.ApiKey.Tests", "tests\OLT.AspNetCore.Authentication.ApiKey.Tests\OLT.AspNetCore.Authentication.ApiKey.Tests.csproj", "{B8C44AE5-0ED6-4F56-83CE-FB03F37DD0E0}"
EndProject
Project("{9A19103F-16F7-4668-BE54-9A1E7A4F7556}") = "OLT.AspNetCore.Authentication.JwtBearer.Tests", "tests\OLT.AspNetCore.Authentication.JwtBearer.Tests\OLT.AspNetCore.Authentication.JwtBearer.Tests.csproj", "{7F97B7F2-7326-48CD-B194-A2CCCCE0FEB1}"
EndProject
Project("{9A19103F-16F7-4668-BE54-9A1E7A4F7556}") = "OLT.AspNetCore.Serilog.Tests.ThrowError", "tests\OLT.AspNetCore.Serilog.Tests\OLT.AspNetCore.Serilog.Tests.ThrowError\OLT.AspNetCore.Serilog.Tests.ThrowError.csproj", "{2343A430-E543-4B63-9E8A-057D70EE4358}"
EndProject
Project("{9A19103F-16F7-4668-BE54-9A1E7A4F7556}") = "OLT.AspNetCore.Serilog.Tests.BadRequest", "tests\OLT.AspNetCore.Serilog.Tests\OLT.AspNetCore.Serilog.Tests.BadRequest\OLT.AspNetCore.Serilog.Tests.BadRequest.csproj", "{457516F5-F3A0-4766-9E51-8AEF130583C6}"
EndProject
Project("{9A19103F-16F7-4668-BE54-9A1E7A4F7556}") = "OLT.AspNetCore.Serilog.Tests.ValidationError", "tests\OLT.AspNetCore.Serilog.Tests\OLT.AspNetCore.Serilog.Tests.ValidationError\OLT.AspNetCore.Serilog.Tests.ValidationError.csproj", "{8D565205-734D-49AD-A7B9-3F791E6C3ABC}"
EndProject
Project("{2150E333-8FDC-42A3-9474-1A3956D46DE8}") = "Tests", "Tests", "{9E65BAB1-3581-46E9-BB80-E518A9552167}"
EndProject
Project("{9A19103F-16F7-4668-BE54-9A1E7A4F7556}") = "OLT.AspNetCore.Serilog.Tests.RecordNotFound", "tests\OLT.AspNetCore.Serilog.Tests\OLT.AspNetCore.Serilog.Tests.RecordNotFound\OLT.AspNetCore.Serilog.Tests.RecordNotFound.csproj", "{F9C2DFD4-CC77-4211-97B0-80D50AD57998}"
EndProject
Project("{9A19103F-16F7-4668-BE54-9A1E7A4F7556}") = "OLT.AspNetCore.Serilog.Tests.Identity", "tests\OLT.AspNetCore.Serilog.Tests\OLT.AspNetCore.Serilog.Tests.Identity\OLT.AspNetCore.Serilog.Tests.Identity.csproj", "{90D4F277-E7B2-4062-A77B-AB12EE1E079F}"
EndProject
Project("{9A19103F-16F7-4668-BE54-9A1E7A4F7556}") = "OLT.AspNetCore.Serilog.Tests.General", "tests\OLT.AspNetCore.Serilog.Tests\OLT.AspNetCore.Serilog.Tests.General\OLT.AspNetCore.Serilog.Tests.General.csproj", "{F31356F8-FF23-4AC6-AD91-9D07714CFB3B}"
EndProject
Project("{9A19103F-16F7-4668-BE54-9A1E7A4F7556}") = "OLT.AspNetCore.Authentication.Tests", "tests\OLT.AspNetCore.Authentication.Tests\OLT.AspNetCore.Authentication.Tests.csproj", "{21CA52A4-ACEA-4BD3-84DF-162861730448}"
EndProject
Project("{9A19103F-16F7-4668-BE54-9A1E7A4F7556}") = "OLT.AspNetCore.Serilog.Tests.Helper", "tests\OLT.AspNetCore.Serilog.Tests\OLT.AspNetCore.Serilog.Tests.Helper\OLT.AspNetCore.Serilog.Tests.Helper.csproj", "{E4159819-4EE1-4590-8906-950C87B95F57}"
EndProject
Project("{2150E333-8FDC-42A3-9474-1A3956D46DE8}") = "OLT.Extensions.Caching", "OLT.Extensions.Caching", "{58D33CE1-FB7F-4ACE-AF22-88F72F72C3DD}"
EndProject
Project("{9A19103F-16F7-4668-BE54-9A1E7A4F7556}") = "OLT.Extensions.Caching.Shared", "src\OLT.Extensions.Caching.Shared\OLT.Extensions.Caching.Shared.csproj", "{6155F10A-0E8E-4E90-A7C3-E995CE67E3AF}"
EndProject
Project("{9A19103F-16F7-4668-BE54-9A1E7A4F7556}") = "OLT.Extensions.Caching.Memory", "src\OLT.Extensions.Caching.Memory\OLT.Extensions.Caching.Memory.csproj", "{07D849D0-2A73-40FD-BE60-5A7366B7E88B}"
EndProject
Project("{9A19103F-16F7-4668-BE54-9A1E7A4F7556}") = "OLT.Extensions.Caching.Tests", "tests\OLT.Extensions.Caching.Tests\OLT.Extensions.Caching.Tests.csproj", "{B5104E84-B77C-4644-8015-183E379A8CC9}"
EndProject
Project("{2150E333-8FDC-42A3-9474-1A3956D46DE8}") = "OLT.Core.Services", "OLT.Core.Services", "{D06660AE-9D03-4C1F-8330-329C3C059D5E}"
EndProject
Project("{9A19103F-16F7-4668-BE54-9A1E7A4F7556}") = "OLT.Core.Services", "src\OLT.Core.Services\OLT.Core.Services.csproj", "{A9950239-7004-43A3-8C2B-7B4020ED2908}"
EndProject
Project("{2150E333-8FDC-42A3-9474-1A3956D46DE8}") = "OLT.DataAdapters", "OLT.DataAdapters", "{A3D5FDB4-C83E-4EEF-AC2E-9FAA76285F21}"
EndProject
Project("{9A19103F-16F7-4668-BE54-9A1E7A4F7556}") = "OLT.DataAdapters", "src\OLT.DataAdapters\OLT.DataAdapters.csproj", "{45FC2E6A-863E-40E1-9633-FE9EA30928ED}"
EndProject
Project("{2150E333-8FDC-42A3-9474-1A3956D46DE8}") = "OLT.Adapters", "OLT.Adapters", "{4E2FE42D-FA2A-4A76-A5F8-9EA6F0260FCE}"
EndProject
Project("{2150E333-8FDC-42A3-9474-1A3956D46DE8}") = "OLT.DataAdapters.AutoMapper", "OLT.DataAdapters.AutoMapper", "{74CA1CC1-258C-4FAB-B9BE-8C38C2275E5B}"
EndProject
Project("{9A19103F-16F7-4668-BE54-9A1E7A4F7556}") = "OLT.DataAdapters.AutoMapper", "src\OLT.DataAdapters.AutoMapper\OLT.DataAdapters.AutoMapper.csproj", "{07F972FB-E132-4FBF-B52F-DC18A2FFB622}"
EndProject
Project("{9A19103F-16F7-4668-BE54-9A1E7A4F7556}") = "OLT.DataAdapters.Tests", "tests\OLT.DataAdapters.Tests\OLT.DataAdapters.Tests.csproj", "{3C50B463-8007-4B8A-BA36-7C81DC8C15C3}"
EndProject
Project("{9A19103F-16F7-4668-BE54-9A1E7A4F7556}") = "OLT.DataAdapters.AutoMapper.Tests", "tests\OLT.DataAdapters.AutoMapper.Tests\OLT.DataAdapters.AutoMapper.Tests.csproj", "{0FFF84AA-ED5B-48D9-AD93-461A450316C8}"
EndProject
Project("{9A19103F-16F7-4668-BE54-9A1E7A4F7556}") = "OLT.Core.Services.Tests", "tests\OLT.Core.Services.Tests\OLT.Core.Services.Tests.csproj", "{E9F7DC92-675A-42F7-A41E-60E2A4D94723}"
EndProject
Project("{2150E333-8FDC-42A3-9474-1A3956D46DE8}") = "OLT.EF", "OLT.EF", "{B1C128D8-1AD5-4712-92F7-92FC7B3C4DD9}"
EndProject
Project("{2150E333-8FDC-42A3-9474-1A3956D46DE8}") = "OLT.EF.Core", "OLT.EF.Core", "{DA1ABDAB-8B14-4FE9-8D2E-F0C11B6F8BFD}"
EndProject
Project("{9A19103F-16F7-4668-BE54-9A1E7A4F7556}") = "OLT.EF.Core", "src\OLT.EF.Core\OLT.EF.Core.csproj", "{15D0BF6D-F636-4DBD-A7D5-5D0B97829B49}"
EndProject
Global
	GlobalSection(SolutionConfigurationPlatforms) = preSolution
		Debug|Any CPU = Debug|Any CPU
		Release|Any CPU = Release|Any CPU
	EndGlobalSection
	GlobalSection(ProjectConfigurationPlatforms) = postSolution
		{C67E4CE8-86F5-4A30-B5A1-F6057E11CB8A}.Debug|Any CPU.ActiveCfg = Debug|Any CPU
		{C67E4CE8-86F5-4A30-B5A1-F6057E11CB8A}.Debug|Any CPU.Build.0 = Debug|Any CPU
		{C67E4CE8-86F5-4A30-B5A1-F6057E11CB8A}.Release|Any CPU.ActiveCfg = Release|Any CPU
		{C67E4CE8-86F5-4A30-B5A1-F6057E11CB8A}.Release|Any CPU.Build.0 = Release|Any CPU
		{ECE9EA77-25B7-422E-A673-1C7622DE1406}.Debug|Any CPU.ActiveCfg = Debug|Any CPU
		{ECE9EA77-25B7-422E-A673-1C7622DE1406}.Debug|Any CPU.Build.0 = Debug|Any CPU
		{ECE9EA77-25B7-422E-A673-1C7622DE1406}.Release|Any CPU.ActiveCfg = Release|Any CPU
		{ECE9EA77-25B7-422E-A673-1C7622DE1406}.Release|Any CPU.Build.0 = Release|Any CPU
		{666033FB-83B6-4861-8EF0-B1B5C5816BFA}.Debug|Any CPU.ActiveCfg = Debug|Any CPU
		{666033FB-83B6-4861-8EF0-B1B5C5816BFA}.Debug|Any CPU.Build.0 = Debug|Any CPU
		{666033FB-83B6-4861-8EF0-B1B5C5816BFA}.Release|Any CPU.ActiveCfg = Release|Any CPU
		{666033FB-83B6-4861-8EF0-B1B5C5816BFA}.Release|Any CPU.Build.0 = Release|Any CPU
		{98759DA5-5EC5-4090-B8CE-BCE55737FE8F}.Debug|Any CPU.ActiveCfg = Debug|Any CPU
		{98759DA5-5EC5-4090-B8CE-BCE55737FE8F}.Debug|Any CPU.Build.0 = Debug|Any CPU
		{98759DA5-5EC5-4090-B8CE-BCE55737FE8F}.Release|Any CPU.ActiveCfg = Release|Any CPU
		{98759DA5-5EC5-4090-B8CE-BCE55737FE8F}.Release|Any CPU.Build.0 = Release|Any CPU
		{98D1636A-58C3-4EA5-9153-21A8699910C8}.Debug|Any CPU.ActiveCfg = Debug|Any CPU
		{98D1636A-58C3-4EA5-9153-21A8699910C8}.Debug|Any CPU.Build.0 = Debug|Any CPU
		{98D1636A-58C3-4EA5-9153-21A8699910C8}.Release|Any CPU.ActiveCfg = Release|Any CPU
		{98D1636A-58C3-4EA5-9153-21A8699910C8}.Release|Any CPU.Build.0 = Release|Any CPU
		{4253995B-2ED9-4723-AE76-3D9B1DD57852}.Debug|Any CPU.ActiveCfg = Debug|Any CPU
		{4253995B-2ED9-4723-AE76-3D9B1DD57852}.Debug|Any CPU.Build.0 = Debug|Any CPU
		{4253995B-2ED9-4723-AE76-3D9B1DD57852}.Release|Any CPU.ActiveCfg = Release|Any CPU
		{4253995B-2ED9-4723-AE76-3D9B1DD57852}.Release|Any CPU.Build.0 = Release|Any CPU
		{7037E517-0DAD-42BD-8372-933F98B2B638}.Debug|Any CPU.ActiveCfg = Debug|Any CPU
		{7037E517-0DAD-42BD-8372-933F98B2B638}.Debug|Any CPU.Build.0 = Debug|Any CPU
		{7037E517-0DAD-42BD-8372-933F98B2B638}.Release|Any CPU.ActiveCfg = Release|Any CPU
		{7037E517-0DAD-42BD-8372-933F98B2B638}.Release|Any CPU.Build.0 = Release|Any CPU
		{545BCC71-DBCB-4943-8E23-6C82A16B624B}.Debug|Any CPU.ActiveCfg = Debug|Any CPU
		{545BCC71-DBCB-4943-8E23-6C82A16B624B}.Debug|Any CPU.Build.0 = Debug|Any CPU
		{545BCC71-DBCB-4943-8E23-6C82A16B624B}.Release|Any CPU.ActiveCfg = Release|Any CPU
		{545BCC71-DBCB-4943-8E23-6C82A16B624B}.Release|Any CPU.Build.0 = Release|Any CPU
		{D74F7A17-B8D1-41A8-854E-556659696DB7}.Debug|Any CPU.ActiveCfg = Debug|Any CPU
		{D74F7A17-B8D1-41A8-854E-556659696DB7}.Debug|Any CPU.Build.0 = Debug|Any CPU
		{D74F7A17-B8D1-41A8-854E-556659696DB7}.Release|Any CPU.ActiveCfg = Release|Any CPU
		{D74F7A17-B8D1-41A8-854E-556659696DB7}.Release|Any CPU.Build.0 = Release|Any CPU
		{9440CDFD-7A66-4EEB-9BDB-4CB4537CAC49}.Debug|Any CPU.ActiveCfg = Debug|Any CPU
		{9440CDFD-7A66-4EEB-9BDB-4CB4537CAC49}.Debug|Any CPU.Build.0 = Debug|Any CPU
		{9440CDFD-7A66-4EEB-9BDB-4CB4537CAC49}.Release|Any CPU.ActiveCfg = Release|Any CPU
		{9440CDFD-7A66-4EEB-9BDB-4CB4537CAC49}.Release|Any CPU.Build.0 = Release|Any CPU
		{5BE2A5C9-48D0-4969-BF19-6F8B29A784E3}.Debug|Any CPU.ActiveCfg = Debug|Any CPU
		{5BE2A5C9-48D0-4969-BF19-6F8B29A784E3}.Debug|Any CPU.Build.0 = Debug|Any CPU
		{5BE2A5C9-48D0-4969-BF19-6F8B29A784E3}.Release|Any CPU.ActiveCfg = Release|Any CPU
		{5BE2A5C9-48D0-4969-BF19-6F8B29A784E3}.Release|Any CPU.Build.0 = Release|Any CPU
		{5245EA23-B1E8-460F-869A-E493A9908177}.Debug|Any CPU.ActiveCfg = Debug|Any CPU
		{5245EA23-B1E8-460F-869A-E493A9908177}.Debug|Any CPU.Build.0 = Debug|Any CPU
		{5245EA23-B1E8-460F-869A-E493A9908177}.Release|Any CPU.ActiveCfg = Release|Any CPU
		{5245EA23-B1E8-460F-869A-E493A9908177}.Release|Any CPU.Build.0 = Release|Any CPU
		{68E5FD50-A4E7-43F1-859C-D080A89A1DE9}.Debug|Any CPU.ActiveCfg = Debug|Any CPU
		{68E5FD50-A4E7-43F1-859C-D080A89A1DE9}.Debug|Any CPU.Build.0 = Debug|Any CPU
		{68E5FD50-A4E7-43F1-859C-D080A89A1DE9}.Release|Any CPU.ActiveCfg = Release|Any CPU
		{68E5FD50-A4E7-43F1-859C-D080A89A1DE9}.Release|Any CPU.Build.0 = Release|Any CPU
		{3B677756-5F7F-41D7-97E2-3DC91C641E32}.Debug|Any CPU.ActiveCfg = Debug|Any CPU
		{3B677756-5F7F-41D7-97E2-3DC91C641E32}.Debug|Any CPU.Build.0 = Debug|Any CPU
		{3B677756-5F7F-41D7-97E2-3DC91C641E32}.Release|Any CPU.ActiveCfg = Release|Any CPU
		{3B677756-5F7F-41D7-97E2-3DC91C641E32}.Release|Any CPU.Build.0 = Release|Any CPU
		{C956A868-FF52-4A3D-B8EF-875F00F5BFC0}.Debug|Any CPU.ActiveCfg = Debug|Any CPU
		{C956A868-FF52-4A3D-B8EF-875F00F5BFC0}.Debug|Any CPU.Build.0 = Debug|Any CPU
		{C956A868-FF52-4A3D-B8EF-875F00F5BFC0}.Release|Any CPU.ActiveCfg = Release|Any CPU
		{C956A868-FF52-4A3D-B8EF-875F00F5BFC0}.Release|Any CPU.Build.0 = Release|Any CPU
		{15400B99-351E-4BA4-AFD1-4573E7964062}.Debug|Any CPU.ActiveCfg = Debug|Any CPU
		{15400B99-351E-4BA4-AFD1-4573E7964062}.Debug|Any CPU.Build.0 = Debug|Any CPU
		{15400B99-351E-4BA4-AFD1-4573E7964062}.Release|Any CPU.ActiveCfg = Release|Any CPU
		{15400B99-351E-4BA4-AFD1-4573E7964062}.Release|Any CPU.Build.0 = Release|Any CPU
		{B6CD9710-89EF-4633-B44B-2B8C4FE847A8}.Debug|Any CPU.ActiveCfg = Debug|Any CPU
		{B6CD9710-89EF-4633-B44B-2B8C4FE847A8}.Debug|Any CPU.Build.0 = Debug|Any CPU
		{B6CD9710-89EF-4633-B44B-2B8C4FE847A8}.Release|Any CPU.ActiveCfg = Release|Any CPU
		{B6CD9710-89EF-4633-B44B-2B8C4FE847A8}.Release|Any CPU.Build.0 = Release|Any CPU
		{B8C44AE5-0ED6-4F56-83CE-FB03F37DD0E0}.Debug|Any CPU.ActiveCfg = Debug|Any CPU
		{B8C44AE5-0ED6-4F56-83CE-FB03F37DD0E0}.Debug|Any CPU.Build.0 = Debug|Any CPU
		{B8C44AE5-0ED6-4F56-83CE-FB03F37DD0E0}.Release|Any CPU.ActiveCfg = Release|Any CPU
		{B8C44AE5-0ED6-4F56-83CE-FB03F37DD0E0}.Release|Any CPU.Build.0 = Release|Any CPU
		{7F97B7F2-7326-48CD-B194-A2CCCCE0FEB1}.Debug|Any CPU.ActiveCfg = Debug|Any CPU
		{7F97B7F2-7326-48CD-B194-A2CCCCE0FEB1}.Debug|Any CPU.Build.0 = Debug|Any CPU
		{7F97B7F2-7326-48CD-B194-A2CCCCE0FEB1}.Release|Any CPU.ActiveCfg = Release|Any CPU
		{7F97B7F2-7326-48CD-B194-A2CCCCE0FEB1}.Release|Any CPU.Build.0 = Release|Any CPU
		{2343A430-E543-4B63-9E8A-057D70EE4358}.Debug|Any CPU.ActiveCfg = Debug|Any CPU
		{2343A430-E543-4B63-9E8A-057D70EE4358}.Debug|Any CPU.Build.0 = Debug|Any CPU
		{2343A430-E543-4B63-9E8A-057D70EE4358}.Release|Any CPU.ActiveCfg = Release|Any CPU
		{2343A430-E543-4B63-9E8A-057D70EE4358}.Release|Any CPU.Build.0 = Release|Any CPU
		{457516F5-F3A0-4766-9E51-8AEF130583C6}.Debug|Any CPU.ActiveCfg = Debug|Any CPU
		{457516F5-F3A0-4766-9E51-8AEF130583C6}.Debug|Any CPU.Build.0 = Debug|Any CPU
		{457516F5-F3A0-4766-9E51-8AEF130583C6}.Release|Any CPU.ActiveCfg = Release|Any CPU
		{457516F5-F3A0-4766-9E51-8AEF130583C6}.Release|Any CPU.Build.0 = Release|Any CPU
		{8D565205-734D-49AD-A7B9-3F791E6C3ABC}.Debug|Any CPU.ActiveCfg = Debug|Any CPU
		{8D565205-734D-49AD-A7B9-3F791E6C3ABC}.Debug|Any CPU.Build.0 = Debug|Any CPU
		{8D565205-734D-49AD-A7B9-3F791E6C3ABC}.Release|Any CPU.ActiveCfg = Release|Any CPU
		{8D565205-734D-49AD-A7B9-3F791E6C3ABC}.Release|Any CPU.Build.0 = Release|Any CPU
		{F9C2DFD4-CC77-4211-97B0-80D50AD57998}.Debug|Any CPU.ActiveCfg = Debug|Any CPU
		{F9C2DFD4-CC77-4211-97B0-80D50AD57998}.Debug|Any CPU.Build.0 = Debug|Any CPU
		{F9C2DFD4-CC77-4211-97B0-80D50AD57998}.Release|Any CPU.ActiveCfg = Release|Any CPU
		{F9C2DFD4-CC77-4211-97B0-80D50AD57998}.Release|Any CPU.Build.0 = Release|Any CPU
		{90D4F277-E7B2-4062-A77B-AB12EE1E079F}.Debug|Any CPU.ActiveCfg = Debug|Any CPU
		{90D4F277-E7B2-4062-A77B-AB12EE1E079F}.Debug|Any CPU.Build.0 = Debug|Any CPU
		{90D4F277-E7B2-4062-A77B-AB12EE1E079F}.Release|Any CPU.ActiveCfg = Release|Any CPU
		{90D4F277-E7B2-4062-A77B-AB12EE1E079F}.Release|Any CPU.Build.0 = Release|Any CPU
		{F31356F8-FF23-4AC6-AD91-9D07714CFB3B}.Debug|Any CPU.ActiveCfg = Debug|Any CPU
		{F31356F8-FF23-4AC6-AD91-9D07714CFB3B}.Debug|Any CPU.Build.0 = Debug|Any CPU
		{F31356F8-FF23-4AC6-AD91-9D07714CFB3B}.Release|Any CPU.ActiveCfg = Release|Any CPU
		{F31356F8-FF23-4AC6-AD91-9D07714CFB3B}.Release|Any CPU.Build.0 = Release|Any CPU
		{21CA52A4-ACEA-4BD3-84DF-162861730448}.Debug|Any CPU.ActiveCfg = Debug|Any CPU
		{21CA52A4-ACEA-4BD3-84DF-162861730448}.Debug|Any CPU.Build.0 = Debug|Any CPU
		{21CA52A4-ACEA-4BD3-84DF-162861730448}.Release|Any CPU.ActiveCfg = Release|Any CPU
		{21CA52A4-ACEA-4BD3-84DF-162861730448}.Release|Any CPU.Build.0 = Release|Any CPU
		{E4159819-4EE1-4590-8906-950C87B95F57}.Debug|Any CPU.ActiveCfg = Debug|Any CPU
		{E4159819-4EE1-4590-8906-950C87B95F57}.Debug|Any CPU.Build.0 = Debug|Any CPU
		{E4159819-4EE1-4590-8906-950C87B95F57}.Release|Any CPU.ActiveCfg = Release|Any CPU
		{E4159819-4EE1-4590-8906-950C87B95F57}.Release|Any CPU.Build.0 = Release|Any CPU
		{6155F10A-0E8E-4E90-A7C3-E995CE67E3AF}.Debug|Any CPU.ActiveCfg = Debug|Any CPU
		{6155F10A-0E8E-4E90-A7C3-E995CE67E3AF}.Debug|Any CPU.Build.0 = Debug|Any CPU
		{6155F10A-0E8E-4E90-A7C3-E995CE67E3AF}.Release|Any CPU.ActiveCfg = Release|Any CPU
		{6155F10A-0E8E-4E90-A7C3-E995CE67E3AF}.Release|Any CPU.Build.0 = Release|Any CPU
		{07D849D0-2A73-40FD-BE60-5A7366B7E88B}.Debug|Any CPU.ActiveCfg = Debug|Any CPU
		{07D849D0-2A73-40FD-BE60-5A7366B7E88B}.Debug|Any CPU.Build.0 = Debug|Any CPU
		{07D849D0-2A73-40FD-BE60-5A7366B7E88B}.Release|Any CPU.ActiveCfg = Release|Any CPU
		{07D849D0-2A73-40FD-BE60-5A7366B7E88B}.Release|Any CPU.Build.0 = Release|Any CPU
		{B5104E84-B77C-4644-8015-183E379A8CC9}.Debug|Any CPU.ActiveCfg = Debug|Any CPU
		{B5104E84-B77C-4644-8015-183E379A8CC9}.Debug|Any CPU.Build.0 = Debug|Any CPU
		{B5104E84-B77C-4644-8015-183E379A8CC9}.Release|Any CPU.ActiveCfg = Release|Any CPU
		{B5104E84-B77C-4644-8015-183E379A8CC9}.Release|Any CPU.Build.0 = Release|Any CPU
		{A9950239-7004-43A3-8C2B-7B4020ED2908}.Debug|Any CPU.ActiveCfg = Debug|Any CPU
		{A9950239-7004-43A3-8C2B-7B4020ED2908}.Debug|Any CPU.Build.0 = Debug|Any CPU
		{A9950239-7004-43A3-8C2B-7B4020ED2908}.Release|Any CPU.ActiveCfg = Release|Any CPU
		{A9950239-7004-43A3-8C2B-7B4020ED2908}.Release|Any CPU.Build.0 = Release|Any CPU
		{45FC2E6A-863E-40E1-9633-FE9EA30928ED}.Debug|Any CPU.ActiveCfg = Debug|Any CPU
		{45FC2E6A-863E-40E1-9633-FE9EA30928ED}.Debug|Any CPU.Build.0 = Debug|Any CPU
		{45FC2E6A-863E-40E1-9633-FE9EA30928ED}.Release|Any CPU.ActiveCfg = Release|Any CPU
		{45FC2E6A-863E-40E1-9633-FE9EA30928ED}.Release|Any CPU.Build.0 = Release|Any CPU
		{07F972FB-E132-4FBF-B52F-DC18A2FFB622}.Debug|Any CPU.ActiveCfg = Debug|Any CPU
		{07F972FB-E132-4FBF-B52F-DC18A2FFB622}.Debug|Any CPU.Build.0 = Debug|Any CPU
		{07F972FB-E132-4FBF-B52F-DC18A2FFB622}.Release|Any CPU.ActiveCfg = Release|Any CPU
		{07F972FB-E132-4FBF-B52F-DC18A2FFB622}.Release|Any CPU.Build.0 = Release|Any CPU
		{3C50B463-8007-4B8A-BA36-7C81DC8C15C3}.Debug|Any CPU.ActiveCfg = Debug|Any CPU
		{3C50B463-8007-4B8A-BA36-7C81DC8C15C3}.Debug|Any CPU.Build.0 = Debug|Any CPU
		{3C50B463-8007-4B8A-BA36-7C81DC8C15C3}.Release|Any CPU.ActiveCfg = Release|Any CPU
		{3C50B463-8007-4B8A-BA36-7C81DC8C15C3}.Release|Any CPU.Build.0 = Release|Any CPU
		{0FFF84AA-ED5B-48D9-AD93-461A450316C8}.Debug|Any CPU.ActiveCfg = Debug|Any CPU
		{0FFF84AA-ED5B-48D9-AD93-461A450316C8}.Debug|Any CPU.Build.0 = Debug|Any CPU
		{0FFF84AA-ED5B-48D9-AD93-461A450316C8}.Release|Any CPU.ActiveCfg = Release|Any CPU
		{0FFF84AA-ED5B-48D9-AD93-461A450316C8}.Release|Any CPU.Build.0 = Release|Any CPU
		{E9F7DC92-675A-42F7-A41E-60E2A4D94723}.Debug|Any CPU.ActiveCfg = Debug|Any CPU
		{E9F7DC92-675A-42F7-A41E-60E2A4D94723}.Debug|Any CPU.Build.0 = Debug|Any CPU
		{E9F7DC92-675A-42F7-A41E-60E2A4D94723}.Release|Any CPU.ActiveCfg = Release|Any CPU
		{E9F7DC92-675A-42F7-A41E-60E2A4D94723}.Release|Any CPU.Build.0 = Release|Any CPU
		{15D0BF6D-F636-4DBD-A7D5-5D0B97829B49}.Debug|Any CPU.ActiveCfg = Debug|Any CPU
		{15D0BF6D-F636-4DBD-A7D5-5D0B97829B49}.Debug|Any CPU.Build.0 = Debug|Any CPU
		{15D0BF6D-F636-4DBD-A7D5-5D0B97829B49}.Release|Any CPU.ActiveCfg = Release|Any CPU
		{15D0BF6D-F636-4DBD-A7D5-5D0B97829B49}.Release|Any CPU.Build.0 = Release|Any CPU
	EndGlobalSection
	GlobalSection(SolutionProperties) = preSolution
		HideSolutionNode = FALSE
	EndGlobalSection
	GlobalSection(NestedProjects) = preSolution
		{C67E4CE8-86F5-4A30-B5A1-F6057E11CB8A} = {F78D6857-D3FF-48CF-B62C-51E893FEDF65}
		{ECE9EA77-25B7-422E-A673-1C7622DE1406} = {F78D6857-D3FF-48CF-B62C-51E893FEDF65}
		{666033FB-83B6-4861-8EF0-B1B5C5816BFA} = {B92AEA04-CEC7-49E8-9466-7786562629B8}
		{98759DA5-5EC5-4090-B8CE-BCE55737FE8F} = {B92AEA04-CEC7-49E8-9466-7786562629B8}
		{B88D2009-30C8-4B4A-9BD3-999746786D0B} = {F6D85F54-C3A1-4698-B671-1AA2B7304C32}
		{98D1636A-58C3-4EA5-9153-21A8699910C8} = {B88D2009-30C8-4B4A-9BD3-999746786D0B}
		{4253995B-2ED9-4723-AE76-3D9B1DD57852} = {B88D2009-30C8-4B4A-9BD3-999746786D0B}
		{7037E517-0DAD-42BD-8372-933F98B2B638} = {B88D2009-30C8-4B4A-9BD3-999746786D0B}
		{545BCC71-DBCB-4943-8E23-6C82A16B624B} = {47CD24FC-21E0-4840-A056-6C147B8E1131}
		{D74F7A17-B8D1-41A8-854E-556659696DB7} = {47CD24FC-21E0-4840-A056-6C147B8E1131}
		{B92AEA04-CEC7-49E8-9466-7786562629B8} = {F6D85F54-C3A1-4698-B671-1AA2B7304C32}
		{9440CDFD-7A66-4EEB-9BDB-4CB4537CAC49} = {4812A791-0A74-44F5-AA37-448BD5383F53}
		{5BE2A5C9-48D0-4969-BF19-6F8B29A784E3} = {4812A791-0A74-44F5-AA37-448BD5383F53}
		{062B739C-B550-4142-A56F-B2E8695A382F} = {FC12AA4E-E1A3-4893-95F0-2230525468F2}
		{5245EA23-B1E8-460F-869A-E493A9908177} = {062B739C-B550-4142-A56F-B2E8695A382F}
		{852E34DC-7032-4B07-A1DF-DF134238C6C8} = {FC12AA4E-E1A3-4893-95F0-2230525468F2}
		{728D140A-B44A-459A-8539-2EE848F165B7} = {FC12AA4E-E1A3-4893-95F0-2230525468F2}
		{68E5FD50-A4E7-43F1-859C-D080A89A1DE9} = {728D140A-B44A-459A-8539-2EE848F165B7}
		{3B677756-5F7F-41D7-97E2-3DC91C641E32} = {852E34DC-7032-4B07-A1DF-DF134238C6C8}
		{8C1D463C-A5A0-4E95-9808-AE9A37741A9E} = {FC12AA4E-E1A3-4893-95F0-2230525468F2}
		{C956A868-FF52-4A3D-B8EF-875F00F5BFC0} = {8C1D463C-A5A0-4E95-9808-AE9A37741A9E}
		{75F93E18-EE36-458E-A8B4-79F97B56C9FB} = {FC12AA4E-E1A3-4893-95F0-2230525468F2}
		{15400B99-351E-4BA4-AFD1-4573E7964062} = {75F93E18-EE36-458E-A8B4-79F97B56C9FB}
		{B6CD9710-89EF-4633-B44B-2B8C4FE847A8} = {062B739C-B550-4142-A56F-B2E8695A382F}
		{B8C44AE5-0ED6-4F56-83CE-FB03F37DD0E0} = {8C1D463C-A5A0-4E95-9808-AE9A37741A9E}
		{7F97B7F2-7326-48CD-B194-A2CCCCE0FEB1} = {852E34DC-7032-4B07-A1DF-DF134238C6C8}
		{2343A430-E543-4B63-9E8A-057D70EE4358} = {9E65BAB1-3581-46E9-BB80-E518A9552167}
		{457516F5-F3A0-4766-9E51-8AEF130583C6} = {9E65BAB1-3581-46E9-BB80-E518A9552167}
		{8D565205-734D-49AD-A7B9-3F791E6C3ABC} = {9E65BAB1-3581-46E9-BB80-E518A9552167}
		{9E65BAB1-3581-46E9-BB80-E518A9552167} = {75F93E18-EE36-458E-A8B4-79F97B56C9FB}
		{F9C2DFD4-CC77-4211-97B0-80D50AD57998} = {9E65BAB1-3581-46E9-BB80-E518A9552167}
		{90D4F277-E7B2-4062-A77B-AB12EE1E079F} = {9E65BAB1-3581-46E9-BB80-E518A9552167}
		{F31356F8-FF23-4AC6-AD91-9D07714CFB3B} = {9E65BAB1-3581-46E9-BB80-E518A9552167}
		{21CA52A4-ACEA-4BD3-84DF-162861730448} = {728D140A-B44A-459A-8539-2EE848F165B7}
		{E4159819-4EE1-4590-8906-950C87B95F57} = {9E65BAB1-3581-46E9-BB80-E518A9552167}
		{6155F10A-0E8E-4E90-A7C3-E995CE67E3AF} = {58D33CE1-FB7F-4ACE-AF22-88F72F72C3DD}
		{07D849D0-2A73-40FD-BE60-5A7366B7E88B} = {58D33CE1-FB7F-4ACE-AF22-88F72F72C3DD}
		{B5104E84-B77C-4644-8015-183E379A8CC9} = {58D33CE1-FB7F-4ACE-AF22-88F72F72C3DD}
		{A9950239-7004-43A3-8C2B-7B4020ED2908} = {D06660AE-9D03-4C1F-8330-329C3C059D5E}
		{A3D5FDB4-C83E-4EEF-AC2E-9FAA76285F21} = {4E2FE42D-FA2A-4A76-A5F8-9EA6F0260FCE}
		{45FC2E6A-863E-40E1-9633-FE9EA30928ED} = {A3D5FDB4-C83E-4EEF-AC2E-9FAA76285F21}
		{74CA1CC1-258C-4FAB-B9BE-8C38C2275E5B} = {4E2FE42D-FA2A-4A76-A5F8-9EA6F0260FCE}
		{07F972FB-E132-4FBF-B52F-DC18A2FFB622} = {74CA1CC1-258C-4FAB-B9BE-8C38C2275E5B}
		{3C50B463-8007-4B8A-BA36-7C81DC8C15C3} = {A3D5FDB4-C83E-4EEF-AC2E-9FAA76285F21}
		{0FFF84AA-ED5B-48D9-AD93-461A450316C8} = {74CA1CC1-258C-4FAB-B9BE-8C38C2275E5B}
		{E9F7DC92-675A-42F7-A41E-60E2A4D94723} = {D06660AE-9D03-4C1F-8330-329C3C059D5E}
		{DA1ABDAB-8B14-4FE9-8D2E-F0C11B6F8BFD} = {B1C128D8-1AD5-4712-92F7-92FC7B3C4DD9}
		{15D0BF6D-F636-4DBD-A7D5-5D0B97829B49} = {DA1ABDAB-8B14-4FE9-8D2E-F0C11B6F8BFD}
	EndGlobalSection
	GlobalSection(ExtensibilityGlobals) = postSolution
		SolutionGuid = {94B70EDC-6E19-4295-BFA0-9474A97DF56F}
	EndGlobalSection
EndGlobal
