
Microsoft Visual Studio Solution File, Format Version 12.00
# Visual Studio Version 17
VisualStudioVersion = 17.0.32112.339
MinimumVisualStudioVersion = 10.0.40219.1
Project("{2150E333-8FDC-42A3-9474-1A3956D46DE8}") = "OLT.Core.Common", "OLT.Core.Common", "{F78D6857-D3FF-48CF-B62C-51E893FEDF65}"
EndProject
Project("{9A19103F-16F7-4668-BE54-9A1E7A4F7556}") = "OLT.Core.Common", "src\OLT.Core.Common\OLT.Core.Common.csproj", "{51C74595-D676-464C-BECD-395627521A65}"
EndProject
Project("{9A19103F-16F7-4668-BE54-9A1E7A4F7556}") = "OLT.Core.Common.Tests", "tests\OLT.Core.Common.Tests\OLT.Core.Common.Tests.csproj", "{ECE9EA77-25B7-422E-A673-1C7622DE1406}"
EndProject
Project("{2150E333-8FDC-42A3-9474-1A3956D46DE8}") = "OLT.Email", "OLT.Email", "{F6D85F54-C3A1-4698-B671-1AA2B7304C32}"
EndProject
Project("{9A19103F-16F7-4668-BE54-9A1E7A4F7556}") = "OLT.Email.Tests", "tests\OLT.Email\OLT.Email.Tests\OLT.Email.Tests.csproj", "{666033FB-83B6-4861-8EF0-B1B5C5816BFA}"
EndProject
Project("{9A19103F-16F7-4668-BE54-9A1E7A4F7556}") = "OLT.Email", "src\OLT.Email\OLT.Email\OLT.Email.csproj", "{8A5044DC-B781-4FF5-8A09-6D5A58306788}"
EndProject
Project("{2150E333-8FDC-42A3-9474-1A3956D46DE8}") = "OLT.Email.SendGrid", "OLT.Email.SendGrid", "{B88D2009-30C8-4B4A-9BD3-999746786D0B}"
EndProject
Project("{9A19103F-16F7-4668-BE54-9A1E7A4F7556}") = "OLT.Email.SendGrid.Shared", "src\OLT.Email\OLT.Email.SendGrid.Shared\OLT.Email.SendGrid.Shared.csproj", "{BF3D09B2-F804-451A-83FE-8CCE87C96256}"
EndProject
Project("{9A19103F-16F7-4668-BE54-9A1E7A4F7556}") = "OLT.Email.SendGrid", "src\OLT.Email\OLT.Email.SendGrid\OLT.Email.SendGrid.csproj", "{14AAD8BD-1405-491F-8371-091945376ECB}"
EndProject
Project("{9A19103F-16F7-4668-BE54-9A1E7A4F7556}") = "OLT.Email.SendGrid.Tests", "tests\OLT.Email\OLT.Email.SendGrid.Tests\OLT.Email.SendGrid.Tests.csproj", "{7037E517-0DAD-42BD-8372-933F98B2B638}"
EndProject
Project("{2150E333-8FDC-42A3-9474-1A3956D46DE8}") = "OLT.Extensions.General", "OLT.Extensions.General", "{47CD24FC-21E0-4840-A056-6C147B8E1131}"
EndProject
Project("{9A19103F-16F7-4668-BE54-9A1E7A4F7556}") = "OLT.Extensions.General", "src\OLT.Extensions.General\OLT.Extensions.General.csproj", "{D9ADBE24-83A0-4272-A926-63F476BCC4D0}"
EndProject
Project("{9A19103F-16F7-4668-BE54-9A1E7A4F7556}") = "OLT.Extensions.General.Tests", "tests\OLT.Extensions.General.Tests\OLT.Extensions.General.Tests.csproj", "{D74F7A17-B8D1-41A8-854E-556659696DB7}"
EndProject
Project("{2150E333-8FDC-42A3-9474-1A3956D46DE8}") = "Common", "Common", "{B92AEA04-CEC7-49E8-9466-7786562629B8}"
EndProject
Project("{2150E333-8FDC-42A3-9474-1A3956D46DE8}") = "OLT.Logging.Serilog", "OLT.Logging.Serilog", "{4812A791-0A74-44F5-AA37-448BD5383F53}"
EndProject
Project("{9A19103F-16F7-4668-BE54-9A1E7A4F7556}") = "OLT.Logging.Serilog", "src\OLT.Logging.Serilog\OLT.Logging.Serilog.csproj", "{291140C2-C4E7-4E78-A7A7-53B466D1D84E}"
EndProject
Project("{9A19103F-16F7-4668-BE54-9A1E7A4F7556}") = "OLT.Logging.Serilog.Tests", "tests\OLT.Logging.Serilog.Tests\OLT.Logging.Serilog.Tests.csproj", "{5BE2A5C9-48D0-4969-BF19-6F8B29A784E3}"
EndProject
Project("{2150E333-8FDC-42A3-9474-1A3956D46DE8}") = "OLT.EF", "OLT.EF", "{86478F90-958D-4190-A638-F15B2874106D}"
EndProject
Project("{9A19103F-16F7-4668-BE54-9A1E7A4F7556}") = "OLT.EF.Common", "src\OLT.EF.Common\OLT.EF.Common.csproj", "{80F6C58C-2BB4-4DE3-9317-3C343327CCA2}"
EndProject
Project("{2150E333-8FDC-42A3-9474-1A3956D46DE8}") = "OLT.EF.Common", "OLT.EF.Common", "{1B38ABB9-2800-4C23-8836-86481130104F}"
EndProject
Project("{9A19103F-16F7-4668-BE54-9A1E7A4F7556}") = "OLT.EF.Common.Tests", "tests\OLT.EF\OLT.EF.Common.Tests\OLT.EF.Common.Tests.csproj", "{DBCA539E-EA8B-4939-BE79-DCB52DA98BF1}"
EndProject
Project("{2150E333-8FDC-42A3-9474-1A3956D46DE8}") = "OLT.AspNetCore", "OLT.AspNetCore", "{FC12AA4E-E1A3-4893-95F0-2230525468F2}"
EndProject
Project("{2150E333-8FDC-42A3-9474-1A3956D46DE8}") = "OLT.AspNetCore.Shared", "OLT.AspNetCore.Shared", "{062B739C-B550-4142-A56F-B2E8695A382F}"
EndProject
Project("{9A19103F-16F7-4668-BE54-9A1E7A4F7556}") = "OLT.AspNetCore.Shared", "src\OLT.AspNetCore.Shared\OLT.AspNetCore.Shared.csproj", "{5C22588F-CF15-44C5-830B-5D63819A6DF1}"
EndProject
Project("{2150E333-8FDC-42A3-9474-1A3956D46DE8}") = "OLT.AspNetCore.Authentication.JwtBearer", "OLT.AspNetCore.Authentication.JwtBearer", "{852E34DC-7032-4B07-A1DF-DF134238C6C8}"
EndProject
Project("{2150E333-8FDC-42A3-9474-1A3956D46DE8}") = "OLT.AspNetCore.Authentication", "OLT.AspNetCore.Authentication", "{728D140A-B44A-459A-8539-2EE848F165B7}"
EndProject
Project("{9A19103F-16F7-4668-BE54-9A1E7A4F7556}") = "OLT.AspNetCore.Authentication", "src\OLT.AspNetCore.Authentication\OLT.AspNetCore.Authentication.csproj", "{0518122C-A418-4EBA-A8D5-7211C4B4EAD0}"
EndProject
Project("{9A19103F-16F7-4668-BE54-9A1E7A4F7556}") = "OLT.AspNetCore.Authentication.JwtBearer", "src\OLT.AspNetCore.Authentication.JwtBearer\OLT.AspNetCore.Authentication.JwtBearer.csproj", "{A1D8D9AD-65BE-4D5B-BA3E-1DD4526F8C0A}"
EndProject
Project("{2150E333-8FDC-42A3-9474-1A3956D46DE8}") = "OLT.AspNetCore.Authentication.ApiKey", "OLT.AspNetCore.Authentication.ApiKey", "{8C1D463C-A5A0-4E95-9808-AE9A37741A9E}"
EndProject
Project("{9A19103F-16F7-4668-BE54-9A1E7A4F7556}") = "OLT.AspNetCore.Authentication.ApiKey", "src\OLT.AspNetCore.Authentication.ApiKey\OLT.AspNetCore.Authentication.ApiKey.csproj", "{6BEDF8D5-0303-408E-B9C9-06AD7885D3A3}"
EndProject
Project("{2150E333-8FDC-42A3-9474-1A3956D46DE8}") = "OLT.AspNetCore.Serilog", "OLT.AspNetCore.Serilog", "{75F93E18-EE36-458E-A8B4-79F97B56C9FB}"
EndProject
Project("{9A19103F-16F7-4668-BE54-9A1E7A4F7556}") = "OLT.AspNetCore.Serilog", "src\OLT.AspNetCore.Serilog\OLT.AspNetCore.Serilog.csproj", "{A4F69F7F-FD35-4B3C-A48A-AEA0DBC0E280}"
EndProject
Project("{FAE04EC0-301F-11D3-BF4B-00C04F79EFBC}") = "OLT.AspNetCore.Shared.Tests", "tests\OLT.AspNetCore.Shared.Tests\OLT.AspNetCore.Shared.Tests.csproj", "{B6CD9710-89EF-4633-B44B-2B8C4FE847A8}"
EndProject
Project("{FAE04EC0-301F-11D3-BF4B-00C04F79EFBC}") = "OLT.AspNetCore.Authentication.ApiKey.Tests", "tests\OLT.AspNetCore.Authentication.ApiKey.Tests\OLT.AspNetCore.Authentication.ApiKey.Tests.csproj", "{B8C44AE5-0ED6-4F56-83CE-FB03F37DD0E0}"
EndProject
Project("{FAE04EC0-301F-11D3-BF4B-00C04F79EFBC}") = "OLT.AspNetCore.Authentication.JwtBearer.Tests", "tests\OLT.AspNetCore.Authentication.JwtBearer.Tests\OLT.AspNetCore.Authentication.JwtBearer.Tests.csproj", "{7F97B7F2-7326-48CD-B194-A2CCCCE0FEB1}"
EndProject
Global
	GlobalSection(SolutionConfigurationPlatforms) = preSolution
		Debug|Any CPU = Debug|Any CPU
		Release|Any CPU = Release|Any CPU
	EndGlobalSection
	GlobalSection(ProjectConfigurationPlatforms) = postSolution
		{51C74595-D676-464C-BECD-395627521A65}.Debug|Any CPU.ActiveCfg = Debug|Any CPU
		{51C74595-D676-464C-BECD-395627521A65}.Debug|Any CPU.Build.0 = Debug|Any CPU
		{51C74595-D676-464C-BECD-395627521A65}.Release|Any CPU.ActiveCfg = Release|Any CPU
		{51C74595-D676-464C-BECD-395627521A65}.Release|Any CPU.Build.0 = Release|Any CPU
		{ECE9EA77-25B7-422E-A673-1C7622DE1406}.Debug|Any CPU.ActiveCfg = Debug|Any CPU
		{ECE9EA77-25B7-422E-A673-1C7622DE1406}.Debug|Any CPU.Build.0 = Debug|Any CPU
		{ECE9EA77-25B7-422E-A673-1C7622DE1406}.Release|Any CPU.ActiveCfg = Release|Any CPU
		{ECE9EA77-25B7-422E-A673-1C7622DE1406}.Release|Any CPU.Build.0 = Release|Any CPU
		{666033FB-83B6-4861-8EF0-B1B5C5816BFA}.Debug|Any CPU.ActiveCfg = Debug|Any CPU
		{666033FB-83B6-4861-8EF0-B1B5C5816BFA}.Debug|Any CPU.Build.0 = Debug|Any CPU
		{666033FB-83B6-4861-8EF0-B1B5C5816BFA}.Release|Any CPU.ActiveCfg = Release|Any CPU
		{666033FB-83B6-4861-8EF0-B1B5C5816BFA}.Release|Any CPU.Build.0 = Release|Any CPU
		{8A5044DC-B781-4FF5-8A09-6D5A58306788}.Debug|Any CPU.ActiveCfg = Debug|Any CPU
		{8A5044DC-B781-4FF5-8A09-6D5A58306788}.Debug|Any CPU.Build.0 = Debug|Any CPU
		{8A5044DC-B781-4FF5-8A09-6D5A58306788}.Release|Any CPU.ActiveCfg = Release|Any CPU
		{8A5044DC-B781-4FF5-8A09-6D5A58306788}.Release|Any CPU.Build.0 = Release|Any CPU
		{BF3D09B2-F804-451A-83FE-8CCE87C96256}.Debug|Any CPU.ActiveCfg = Debug|Any CPU
		{BF3D09B2-F804-451A-83FE-8CCE87C96256}.Debug|Any CPU.Build.0 = Debug|Any CPU
		{BF3D09B2-F804-451A-83FE-8CCE87C96256}.Release|Any CPU.ActiveCfg = Release|Any CPU
		{BF3D09B2-F804-451A-83FE-8CCE87C96256}.Release|Any CPU.Build.0 = Release|Any CPU
		{14AAD8BD-1405-491F-8371-091945376ECB}.Debug|Any CPU.ActiveCfg = Debug|Any CPU
		{14AAD8BD-1405-491F-8371-091945376ECB}.Debug|Any CPU.Build.0 = Debug|Any CPU
		{14AAD8BD-1405-491F-8371-091945376ECB}.Release|Any CPU.ActiveCfg = Release|Any CPU
		{14AAD8BD-1405-491F-8371-091945376ECB}.Release|Any CPU.Build.0 = Release|Any CPU
		{7037E517-0DAD-42BD-8372-933F98B2B638}.Debug|Any CPU.ActiveCfg = Debug|Any CPU
		{7037E517-0DAD-42BD-8372-933F98B2B638}.Debug|Any CPU.Build.0 = Debug|Any CPU
		{7037E517-0DAD-42BD-8372-933F98B2B638}.Release|Any CPU.ActiveCfg = Release|Any CPU
		{7037E517-0DAD-42BD-8372-933F98B2B638}.Release|Any CPU.Build.0 = Release|Any CPU
		{D9ADBE24-83A0-4272-A926-63F476BCC4D0}.Debug|Any CPU.ActiveCfg = Debug|Any CPU
		{D9ADBE24-83A0-4272-A926-63F476BCC4D0}.Debug|Any CPU.Build.0 = Debug|Any CPU
		{D9ADBE24-83A0-4272-A926-63F476BCC4D0}.Release|Any CPU.ActiveCfg = Release|Any CPU
		{D9ADBE24-83A0-4272-A926-63F476BCC4D0}.Release|Any CPU.Build.0 = Release|Any CPU
		{D74F7A17-B8D1-41A8-854E-556659696DB7}.Debug|Any CPU.ActiveCfg = Debug|Any CPU
		{D74F7A17-B8D1-41A8-854E-556659696DB7}.Debug|Any CPU.Build.0 = Debug|Any CPU
		{D74F7A17-B8D1-41A8-854E-556659696DB7}.Release|Any CPU.ActiveCfg = Release|Any CPU
		{D74F7A17-B8D1-41A8-854E-556659696DB7}.Release|Any CPU.Build.0 = Release|Any CPU
		{291140C2-C4E7-4E78-A7A7-53B466D1D84E}.Debug|Any CPU.ActiveCfg = Debug|Any CPU
		{291140C2-C4E7-4E78-A7A7-53B466D1D84E}.Debug|Any CPU.Build.0 = Debug|Any CPU
		{291140C2-C4E7-4E78-A7A7-53B466D1D84E}.Release|Any CPU.ActiveCfg = Release|Any CPU
		{291140C2-C4E7-4E78-A7A7-53B466D1D84E}.Release|Any CPU.Build.0 = Release|Any CPU
		{5BE2A5C9-48D0-4969-BF19-6F8B29A784E3}.Debug|Any CPU.ActiveCfg = Debug|Any CPU
		{5BE2A5C9-48D0-4969-BF19-6F8B29A784E3}.Debug|Any CPU.Build.0 = Debug|Any CPU
		{5BE2A5C9-48D0-4969-BF19-6F8B29A784E3}.Release|Any CPU.ActiveCfg = Release|Any CPU
		{5BE2A5C9-48D0-4969-BF19-6F8B29A784E3}.Release|Any CPU.Build.0 = Release|Any CPU
		{80F6C58C-2BB4-4DE3-9317-3C343327CCA2}.Debug|Any CPU.ActiveCfg = Debug|Any CPU
		{80F6C58C-2BB4-4DE3-9317-3C343327CCA2}.Debug|Any CPU.Build.0 = Debug|Any CPU
		{80F6C58C-2BB4-4DE3-9317-3C343327CCA2}.Release|Any CPU.ActiveCfg = Release|Any CPU
		{80F6C58C-2BB4-4DE3-9317-3C343327CCA2}.Release|Any CPU.Build.0 = Release|Any CPU
		{DBCA539E-EA8B-4939-BE79-DCB52DA98BF1}.Debug|Any CPU.ActiveCfg = Debug|Any CPU
		{DBCA539E-EA8B-4939-BE79-DCB52DA98BF1}.Debug|Any CPU.Build.0 = Debug|Any CPU
		{DBCA539E-EA8B-4939-BE79-DCB52DA98BF1}.Release|Any CPU.ActiveCfg = Release|Any CPU
		{DBCA539E-EA8B-4939-BE79-DCB52DA98BF1}.Release|Any CPU.Build.0 = Release|Any CPU
		{5C22588F-CF15-44C5-830B-5D63819A6DF1}.Debug|Any CPU.ActiveCfg = Debug|Any CPU
		{5C22588F-CF15-44C5-830B-5D63819A6DF1}.Debug|Any CPU.Build.0 = Debug|Any CPU
		{5C22588F-CF15-44C5-830B-5D63819A6DF1}.Release|Any CPU.ActiveCfg = Release|Any CPU
		{5C22588F-CF15-44C5-830B-5D63819A6DF1}.Release|Any CPU.Build.0 = Release|Any CPU
		{0518122C-A418-4EBA-A8D5-7211C4B4EAD0}.Debug|Any CPU.ActiveCfg = Debug|Any CPU
		{0518122C-A418-4EBA-A8D5-7211C4B4EAD0}.Debug|Any CPU.Build.0 = Debug|Any CPU
		{0518122C-A418-4EBA-A8D5-7211C4B4EAD0}.Release|Any CPU.ActiveCfg = Release|Any CPU
		{0518122C-A418-4EBA-A8D5-7211C4B4EAD0}.Release|Any CPU.Build.0 = Release|Any CPU
		{A1D8D9AD-65BE-4D5B-BA3E-1DD4526F8C0A}.Debug|Any CPU.ActiveCfg = Debug|Any CPU
		{A1D8D9AD-65BE-4D5B-BA3E-1DD4526F8C0A}.Debug|Any CPU.Build.0 = Debug|Any CPU
		{A1D8D9AD-65BE-4D5B-BA3E-1DD4526F8C0A}.Release|Any CPU.ActiveCfg = Release|Any CPU
		{A1D8D9AD-65BE-4D5B-BA3E-1DD4526F8C0A}.Release|Any CPU.Build.0 = Release|Any CPU
		{6BEDF8D5-0303-408E-B9C9-06AD7885D3A3}.Debug|Any CPU.ActiveCfg = Debug|Any CPU
		{6BEDF8D5-0303-408E-B9C9-06AD7885D3A3}.Debug|Any CPU.Build.0 = Debug|Any CPU
		{6BEDF8D5-0303-408E-B9C9-06AD7885D3A3}.Release|Any CPU.ActiveCfg = Release|Any CPU
		{6BEDF8D5-0303-408E-B9C9-06AD7885D3A3}.Release|Any CPU.Build.0 = Release|Any CPU
		{A4F69F7F-FD35-4B3C-A48A-AEA0DBC0E280}.Debug|Any CPU.ActiveCfg = Debug|Any CPU
		{A4F69F7F-FD35-4B3C-A48A-AEA0DBC0E280}.Debug|Any CPU.Build.0 = Debug|Any CPU
		{A4F69F7F-FD35-4B3C-A48A-AEA0DBC0E280}.Release|Any CPU.ActiveCfg = Release|Any CPU
		{A4F69F7F-FD35-4B3C-A48A-AEA0DBC0E280}.Release|Any CPU.Build.0 = Release|Any CPU
		{B6CD9710-89EF-4633-B44B-2B8C4FE847A8}.Debug|Any CPU.ActiveCfg = Debug|Any CPU
		{B6CD9710-89EF-4633-B44B-2B8C4FE847A8}.Debug|Any CPU.Build.0 = Debug|Any CPU
		{B6CD9710-89EF-4633-B44B-2B8C4FE847A8}.Release|Any CPU.ActiveCfg = Release|Any CPU
		{B6CD9710-89EF-4633-B44B-2B8C4FE847A8}.Release|Any CPU.Build.0 = Release|Any CPU
		{B8C44AE5-0ED6-4F56-83CE-FB03F37DD0E0}.Debug|Any CPU.ActiveCfg = Debug|Any CPU
		{B8C44AE5-0ED6-4F56-83CE-FB03F37DD0E0}.Debug|Any CPU.Build.0 = Debug|Any CPU
		{B8C44AE5-0ED6-4F56-83CE-FB03F37DD0E0}.Release|Any CPU.ActiveCfg = Release|Any CPU
		{B8C44AE5-0ED6-4F56-83CE-FB03F37DD0E0}.Release|Any CPU.Build.0 = Release|Any CPU
		{7F97B7F2-7326-48CD-B194-A2CCCCE0FEB1}.Debug|Any CPU.ActiveCfg = Debug|Any CPU
		{7F97B7F2-7326-48CD-B194-A2CCCCE0FEB1}.Debug|Any CPU.Build.0 = Debug|Any CPU
		{7F97B7F2-7326-48CD-B194-A2CCCCE0FEB1}.Release|Any CPU.ActiveCfg = Release|Any CPU
		{7F97B7F2-7326-48CD-B194-A2CCCCE0FEB1}.Release|Any CPU.Build.0 = Release|Any CPU
	EndGlobalSection
	GlobalSection(SolutionProperties) = preSolution
		HideSolutionNode = FALSE
	EndGlobalSection
	GlobalSection(NestedProjects) = preSolution
		{51C74595-D676-464C-BECD-395627521A65} = {F78D6857-D3FF-48CF-B62C-51E893FEDF65}
		{ECE9EA77-25B7-422E-A673-1C7622DE1406} = {F78D6857-D3FF-48CF-B62C-51E893FEDF65}
		{666033FB-83B6-4861-8EF0-B1B5C5816BFA} = {B92AEA04-CEC7-49E8-9466-7786562629B8}
		{8A5044DC-B781-4FF5-8A09-6D5A58306788} = {B92AEA04-CEC7-49E8-9466-7786562629B8}
		{B88D2009-30C8-4B4A-9BD3-999746786D0B} = {F6D85F54-C3A1-4698-B671-1AA2B7304C32}
		{BF3D09B2-F804-451A-83FE-8CCE87C96256} = {B88D2009-30C8-4B4A-9BD3-999746786D0B}
		{14AAD8BD-1405-491F-8371-091945376ECB} = {B88D2009-30C8-4B4A-9BD3-999746786D0B}
		{7037E517-0DAD-42BD-8372-933F98B2B638} = {B88D2009-30C8-4B4A-9BD3-999746786D0B}
		{D9ADBE24-83A0-4272-A926-63F476BCC4D0} = {47CD24FC-21E0-4840-A056-6C147B8E1131}
		{D74F7A17-B8D1-41A8-854E-556659696DB7} = {47CD24FC-21E0-4840-A056-6C147B8E1131}
		{B92AEA04-CEC7-49E8-9466-7786562629B8} = {F6D85F54-C3A1-4698-B671-1AA2B7304C32}
		{291140C2-C4E7-4E78-A7A7-53B466D1D84E} = {4812A791-0A74-44F5-AA37-448BD5383F53}
		{5BE2A5C9-48D0-4969-BF19-6F8B29A784E3} = {4812A791-0A74-44F5-AA37-448BD5383F53}
		{80F6C58C-2BB4-4DE3-9317-3C343327CCA2} = {1B38ABB9-2800-4C23-8836-86481130104F}
		{1B38ABB9-2800-4C23-8836-86481130104F} = {86478F90-958D-4190-A638-F15B2874106D}
		{DBCA539E-EA8B-4939-BE79-DCB52DA98BF1} = {1B38ABB9-2800-4C23-8836-86481130104F}
		{062B739C-B550-4142-A56F-B2E8695A382F} = {FC12AA4E-E1A3-4893-95F0-2230525468F2}
		{5C22588F-CF15-44C5-830B-5D63819A6DF1} = {062B739C-B550-4142-A56F-B2E8695A382F}
		{852E34DC-7032-4B07-A1DF-DF134238C6C8} = {FC12AA4E-E1A3-4893-95F0-2230525468F2}
		{728D140A-B44A-459A-8539-2EE848F165B7} = {FC12AA4E-E1A3-4893-95F0-2230525468F2}
		{0518122C-A418-4EBA-A8D5-7211C4B4EAD0} = {728D140A-B44A-459A-8539-2EE848F165B7}
		{A1D8D9AD-65BE-4D5B-BA3E-1DD4526F8C0A} = {852E34DC-7032-4B07-A1DF-DF134238C6C8}
		{8C1D463C-A5A0-4E95-9808-AE9A37741A9E} = {FC12AA4E-E1A3-4893-95F0-2230525468F2}
		{6BEDF8D5-0303-408E-B9C9-06AD7885D3A3} = {8C1D463C-A5A0-4E95-9808-AE9A37741A9E}
		{75F93E18-EE36-458E-A8B4-79F97B56C9FB} = {FC12AA4E-E1A3-4893-95F0-2230525468F2}
		{A4F69F7F-FD35-4B3C-A48A-AEA0DBC0E280} = {75F93E18-EE36-458E-A8B4-79F97B56C9FB}
		{B6CD9710-89EF-4633-B44B-2B8C4FE847A8} = {062B739C-B550-4142-A56F-B2E8695A382F}
		{B8C44AE5-0ED6-4F56-83CE-FB03F37DD0E0} = {8C1D463C-A5A0-4E95-9808-AE9A37741A9E}
		{7F97B7F2-7326-48CD-B194-A2CCCCE0FEB1} = {852E34DC-7032-4B07-A1DF-DF134238C6C8}
	EndGlobalSection
	GlobalSection(ExtensibilityGlobals) = postSolution
		SolutionGuid = {94B70EDC-6E19-4295-BFA0-9474A97DF56F}
	EndGlobalSection
EndGlobal
